// !$*UTF8*$!
{
	archiveVersion = 1;
	classes = {
	};
	objectVersion = 46;
	objects = {

/* Begin PBXBuildFile section */
		7A0134831F0693E300B13476 /* WatchConnectivityManager.swift in Sources */ = {isa = PBXBuildFile; fileRef = 7A0134821F0693E300B13476 /* WatchConnectivityManager.swift */; };
		7A0134861F0694D500B13476 /* PhoneConnectivityManager.swift in Sources */ = {isa = PBXBuildFile; fileRef = 7A0134851F0694D500B13476 /* PhoneConnectivityManager.swift */; };
		7A01348A1F08745B00B13476 /* WorkoutManager.swift in Sources */ = {isa = PBXBuildFile; fileRef = 7A0134891F08745B00B13476 /* WorkoutManager.swift */; };
		7A01348C1F087BC100B13476 /* StartInterfaceController.swift in Sources */ = {isa = PBXBuildFile; fileRef = 7A01348B1F087BC100B13476 /* StartInterfaceController.swift */; };
		7A01348E1F0883E100B13476 /* FinishInterfaceController.swift in Sources */ = {isa = PBXBuildFile; fileRef = 7A01348D1F0883E100B13476 /* FinishInterfaceController.swift */; };
		7A0134B71F0C9EC600B13476 /* RepsWeightController.swift in Sources */ = {isa = PBXBuildFile; fileRef = 7A0134B61F0C9EC600B13476 /* RepsWeightController.swift */; };
		7A08C5F51F1483CC007DFD38 /* WorkoutSessionManager.swift in Sources */ = {isa = PBXBuildFile; fileRef = 7A08C5F41F1483CC007DFD38 /* WorkoutSessionManager.swift */; };
		7A1A7FF11F3B64D70013C5AC /* MapKit.framework in Frameworks */ = {isa = PBXBuildFile; fileRef = 7A1A7FF01F3B64D70013C5AC /* MapKit.framework */; };
		7A1A7FF31F3B7D9A0013C5AC /* LocationManager.swift in Sources */ = {isa = PBXBuildFile; fileRef = 7A1A7FF21F3B7D9A0013C5AC /* LocationManager.swift */; };
		7A1A7FF51F3D586E0013C5AC /* StateAnnotation.swift in Sources */ = {isa = PBXBuildFile; fileRef = 7A1A7FF41F3D586E0013C5AC /* StateAnnotation.swift */; };
		7A1A7FFB1F40DAB60013C5AC /* MapRouteDetailController.swift in Sources */ = {isa = PBXBuildFile; fileRef = 7A1A7FFA1F40DAB60013C5AC /* MapRouteDetailController.swift */; };
		7A1A7FFD1F40FC1F0013C5AC /* MultiColorPolyLine.swift in Sources */ = {isa = PBXBuildFile; fileRef = 7A1A7FFC1F40FC1F0013C5AC /* MultiColorPolyLine.swift */; };
		7A1A80001F42AC130013C5AC /* WorkoutSummary.swift in Sources */ = {isa = PBXBuildFile; fileRef = 7A1A7FFF1F42AC130013C5AC /* WorkoutSummary.swift */; };
		7A1D21A31F60F7E700619231 /* ExcerciseProxy.swift in Sources */ = {isa = PBXBuildFile; fileRef = 7A1D21A21F60F7E700619231 /* ExcerciseProxy.swift */; };
		7A1D21B01F645BCF00619231 /* Settings.storyboard in Resources */ = {isa = PBXBuildFile; fileRef = 7A1D21AE1F645BCF00619231 /* Settings.storyboard */; };
		7A1D21B21F648BC100619231 /* SettingsTableViewController.swift in Sources */ = {isa = PBXBuildFile; fileRef = 7A1D21B11F648BC100619231 /* SettingsTableViewController.swift */; };
		7A1D21B71F68E63400619231 /* BloomTextfieldManager.swift in Sources */ = {isa = PBXBuildFile; fileRef = 7A1D21B61F68E63400619231 /* BloomTextfieldManager.swift */; };
		7A1D21B91F6B69B200619231 /* StoreKit.framework in Frameworks */ = {isa = PBXBuildFile; fileRef = 7A1D21B81F6B69B200619231 /* StoreKit.framework */; };
		7A1D21BC1F6B6A9E00619231 /* IAPManager.swift in Sources */ = {isa = PBXBuildFile; fileRef = 7A1D21BB1F6B6A9E00619231 /* IAPManager.swift */; };
		7A1D21BE1F6B6B4700619231 /* products.plist in Resources */ = {isa = PBXBuildFile; fileRef = 7A1D21BD1F6B6B4700619231 /* products.plist */; };
		7A1D21C31F6B721E00619231 /* Store.storyboard in Resources */ = {isa = PBXBuildFile; fileRef = 7A1D21C21F6B721E00619231 /* Store.storyboard */; };
		7A1D21C51F6B72E500619231 /* StoreController.swift in Sources */ = {isa = PBXBuildFile; fileRef = 7A1D21C41F6B72E500619231 /* StoreController.swift */; };
		7A1E13E41E05FCC400330EFB /* BeginWorkoutButton.swift in Sources */ = {isa = PBXBuildFile; fileRef = 7A1E13E31E05FCC400330EFB /* BeginWorkoutButton.swift */; };
		7A1E13E61E05FCF100330EFB /* GenericBloomButton.swift in Sources */ = {isa = PBXBuildFile; fileRef = 7A1E13E51E05FCF100330EFB /* GenericBloomButton.swift */; };
		7A1E13E81E06124300330EFB /* StatsButton.swift in Sources */ = {isa = PBXBuildFile; fileRef = 7A1E13E71E06124300330EFB /* StatsButton.swift */; };
		7A1E13EB1E06185B00330EFB /* CreateWorkoutController.swift in Sources */ = {isa = PBXBuildFile; fileRef = 7A1E13EA1E06185B00330EFB /* CreateWorkoutController.swift */; };
		7A1E13EE1E06197900330EFB /* GradientView.swift in Sources */ = {isa = PBXBuildFile; fileRef = 7A1E13ED1E06197900330EFB /* GradientView.swift */; };
		7A2075E81F783936001C1A02 /* Podfile in Resources */ = {isa = PBXBuildFile; fileRef = 7A2075E71F783936001C1A02 /* Podfile */; };
		7A2075F61F78416E001C1A02 /* DecodingHelpers.swift in Sources */ = {isa = PBXBuildFile; fileRef = 7A2075F31F7840B1001C1A02 /* DecodingHelpers.swift */; };
		7A2075F71F784170001C1A02 /* ReceiptExtractor.swift in Sources */ = {isa = PBXBuildFile; fileRef = 7A2075F11F7840B0001C1A02 /* ReceiptExtractor.swift */; };
		7A2075F81F784174001C1A02 /* ReceiptFetcher.swift in Sources */ = {isa = PBXBuildFile; fileRef = 7A2075F21F7840B0001C1A02 /* ReceiptFetcher.swift */; };
		7A2075F91F784177001C1A02 /* ReceiptLoader.swift in Sources */ = {isa = PBXBuildFile; fileRef = 7A2075EF1F7840B0001C1A02 /* ReceiptLoader.swift */; };
		7A2075FA1F78417A001C1A02 /* ReceiptParser.swift in Sources */ = {isa = PBXBuildFile; fileRef = 7A2075F01F7840B0001C1A02 /* ReceiptParser.swift */; };
		7A2075FB1F78417D001C1A02 /* ReceiptSignatureValidator.swift in Sources */ = {isa = PBXBuildFile; fileRef = 7A2075EE1F7840AF001C1A02 /* ReceiptSignatureValidator.swift */; };
		7A2075FC1F78417F001C1A02 /* ReceiptValidator.swift in Sources */ = {isa = PBXBuildFile; fileRef = 7A2075ED1F7840AF001C1A02 /* ReceiptValidator.swift */; };
		7A2075FD1F784182001C1A02 /* ParsedReceipt.swift in Sources */ = {isa = PBXBuildFile; fileRef = 7A2075F41F7840F5001C1A02 /* ParsedReceipt.swift */; };
		7A2075FE1F784185001C1A02 /* pkcs7_union_accessors.c in Sources */ = {isa = PBXBuildFile; fileRef = 7A2075EB1F784079001C1A02 /* pkcs7_union_accessors.c */; };
		7A2075FF1F788A5A001C1A02 /* AppleIncRootCertificate.cer in Resources */ = {isa = PBXBuildFile; fileRef = 7A2075F51F784168001C1A02 /* AppleIncRootCertificate.cer */; };
		7A30CD851E03B0F0007C2F69 /* CreateWorkoutButton.swift in Sources */ = {isa = PBXBuildFile; fileRef = 7A30CD841E03B0F0007C2F69 /* CreateWorkoutButton.swift */; };
		7A38C3F91EE5A0FC000F0AB7 /* BloomFilter.swift in Sources */ = {isa = PBXBuildFile; fileRef = 7A38C3F81EE5A0FC000F0AB7 /* BloomFilter.swift */; };
		7A4065461EDF4FB00024724C /* GraphViewController.swift in Sources */ = {isa = PBXBuildFile; fileRef = 7A4065451EDF4FB00024724C /* GraphViewController.swift */; };
		7A4065481EDF51490024724C /* SummaryViewController.swift in Sources */ = {isa = PBXBuildFile; fileRef = 7A4065471EDF51490024724C /* SummaryViewController.swift */; };
		7A40654E1EE269A80024724C /* workoutJsonData.json in Resources */ = {isa = PBXBuildFile; fileRef = 7A40654D1EE269A80024724C /* workoutJsonData.json */; };
		7A4065501EE2E9520024724C /* ExcercisesController.swift in Sources */ = {isa = PBXBuildFile; fileRef = 7A40654F1EE2E9520024724C /* ExcercisesController.swift */; };
		7A4065521EE33BE50024724C /* FilterGraphController.swift in Sources */ = {isa = PBXBuildFile; fileRef = 7A4065511EE33BE50024724C /* FilterGraphController.swift */; };
		7A43241C1EDDB0BD00BE9009 /* GraphView.swift in Sources */ = {isa = PBXBuildFile; fileRef = 7A43241B1EDDB0BD00BE9009 /* GraphView.swift */; };
		7A450AFF1F79E76B00DA0843 /* CSVExporter.swift in Sources */ = {isa = PBXBuildFile; fileRef = 7A450AFE1F79E76B00DA0843 /* CSVExporter.swift */; };
		7A450B031F7DF70000DA0843 /* DustParticles.sks in Resources */ = {isa = PBXBuildFile; fileRef = 7A450B021F7DF70000DA0843 /* DustParticles.sks */; };
		7A5346831E1A03610067E982 /* HeartBeatView.swift in Sources */ = {isa = PBXBuildFile; fileRef = 7A5346821E1A03610067E982 /* HeartBeatView.swift */; };
		7A66583E1E46974C008B41FA /* Types.swift in Sources */ = {isa = PBXBuildFile; fileRef = 7A66583D1E46974C008B41FA /* Types.swift */; };
		7A68C7F31E11EE0500F6023A /* EditWorkoutButton.swift in Sources */ = {isa = PBXBuildFile; fileRef = 7A68C7F21E11EE0500F6023A /* EditWorkoutButton.swift */; };
		7A6B9BBD1EDA8BCE00E05D04 /* CoreDataTest.swift in Sources */ = {isa = PBXBuildFile; fileRef = 7A6B9BBC1EDA8BCE00E05D04 /* CoreDataTest.swift */; };
		7A6CC8001F92A40A00E38DB4 /* Node.swift in Sources */ = {isa = PBXBuildFile; fileRef = 7A6CC7FF1F92A40A00E38DB4 /* Node.swift */; };
		7A6CC8021F92A43500E38DB4 /* Plane.swift in Sources */ = {isa = PBXBuildFile; fileRef = 7A6CC8011F92A43500E38DB4 /* Plane.swift */; };
		7A6CC8041F92A45F00E38DB4 /* MetalTypes.swift in Sources */ = {isa = PBXBuildFile; fileRef = 7A6CC8031F92A45F00E38DB4 /* MetalTypes.swift */; };
		7A6CC8081F92A57100E38DB4 /* Scene.swift in Sources */ = {isa = PBXBuildFile; fileRef = 7A6CC8071F92A57100E38DB4 /* Scene.swift */; };
		7A6CC80A1F92A58100E38DB4 /* StartWorkoutScene.swift in Sources */ = {isa = PBXBuildFile; fileRef = 7A6CC8091F92A58100E38DB4 /* StartWorkoutScene.swift */; };
		7A6CC80C1F92A5D900E38DB4 /* Renderer.swift in Sources */ = {isa = PBXBuildFile; fileRef = 7A6CC80B1F92A5D900E38DB4 /* Renderer.swift */; };
		7A6CC80E1F92A62100E38DB4 /* Shader.metal in Sources */ = {isa = PBXBuildFile; fileRef = 7A6CC80D1F92A62100E38DB4 /* Shader.metal */; };
		7A764CEB1E16EF1300736446 /* RingLayer.swift in Sources */ = {isa = PBXBuildFile; fileRef = 7A764CEA1E16EF1300736446 /* RingLayer.swift */; };
		7A764CED1E16EFF400736446 /* LayerExtension.swift in Sources */ = {isa = PBXBuildFile; fileRef = 7A764CEC1E16EFF400736446 /* LayerExtension.swift */; };
		7A7915D71E10A6BD00090D7B /* WorkoutsController.swift in Sources */ = {isa = PBXBuildFile; fileRef = 7A7915D61E10A6BD00090D7B /* WorkoutsController.swift */; };
		7A7915D91E10BF3C00090D7B /* StartWorkoutController.swift in Sources */ = {isa = PBXBuildFile; fileRef = 7A7915D81E10BF3C00090D7B /* StartWorkoutController.swift */; };
		7A7915DB1E10CA9000090D7B /* StartButton.swift in Sources */ = {isa = PBXBuildFile; fileRef = 7A7915DA1E10CA9000090D7B /* StartButton.swift */; };
		7A7D94B51EF1003800609B88 /* WorkoutDetailController.swift in Sources */ = {isa = PBXBuildFile; fileRef = 7A7D94B41EF1003800609B88 /* WorkoutDetailController.swift */; };
		7A7E6A7D1E1B545100D2AEDB /* LiveWorkoutTableViewCell.swift in Sources */ = {isa = PBXBuildFile; fileRef = 7A7E6A7C1E1B545100D2AEDB /* LiveWorkoutTableViewCell.swift */; };
		7A7FD8041F51ED5200B87269 /* AlertManager.swift in Sources */ = {isa = PBXBuildFile; fileRef = 7A7FD8031F51ED5200B87269 /* AlertManager.swift */; };
		7A7FD8251F58EFCA00B87269 /* CreateController.swift in Sources */ = {isa = PBXBuildFile; fileRef = 7A7FD8241F58EFCA00B87269 /* CreateController.swift */; };
		7A7FD8271F58F1A200B87269 /* NameWorkoutViewManager.swift in Sources */ = {isa = PBXBuildFile; fileRef = 7A7FD8261F58F1A200B87269 /* NameWorkoutViewManager.swift */; };
		7A7FD8291F58F1D700B87269 /* AddExcerciseViewManager.swift in Sources */ = {isa = PBXBuildFile; fileRef = 7A7FD8281F58F1D700B87269 /* AddExcerciseViewManager.swift */; };
		7A7FD82B1F58F26C00B87269 /* FindViewManager.swift in Sources */ = {isa = PBXBuildFile; fileRef = 7A7FD82A1F58F26C00B87269 /* FindViewManager.swift */; };
		7A7FD82D1F58F27700B87269 /* CreateViewManager.swift in Sources */ = {isa = PBXBuildFile; fileRef = 7A7FD82C1F58F27700B87269 /* CreateViewManager.swift */; };
		7A7FD82F1F5A339700B87269 /* FindAndCreateViewManager.swift in Sources */ = {isa = PBXBuildFile; fileRef = 7A7FD82E1F5A339700B87269 /* FindAndCreateViewManager.swift */; };
		7A7FD8311F5B649800B87269 /* CreateDataManager.swift in Sources */ = {isa = PBXBuildFile; fileRef = 7A7FD8301F5B649700B87269 /* CreateDataManager.swift */; };
		7A7FD8371F5C9E4300B87269 /* Validate.swift in Sources */ = {isa = PBXBuildFile; fileRef = 7A7FD8361F5C9E4300B87269 /* Validate.swift */; };
		7A8396B51E18DE78006CE5FB /* LiveWorkoutController.swift in Sources */ = {isa = PBXBuildFile; fileRef = 7A8396B41E18DE78006CE5FB /* LiveWorkoutController.swift */; };
		7A83F94D1E1228FC00451BBA /* CountDownView.swift in Sources */ = {isa = PBXBuildFile; fileRef = 7A83F94C1E1228FC00451BBA /* CountDownView.swift */; };
		7A84F9421DFE761D00A37C80 /* AppDelegate.swift in Sources */ = {isa = PBXBuildFile; fileRef = 7A84F9411DFE761D00A37C80 /* AppDelegate.swift */; };
		7A84F9441DFE761D00A37C80 /* MainViewController.swift in Sources */ = {isa = PBXBuildFile; fileRef = 7A84F9431DFE761D00A37C80 /* MainViewController.swift */; };
		7A84F9471DFE761D00A37C80 /* Main.storyboard in Resources */ = {isa = PBXBuildFile; fileRef = 7A84F9451DFE761D00A37C80 /* Main.storyboard */; };
		7A84F9491DFE761D00A37C80 /* Assets.xcassets in Resources */ = {isa = PBXBuildFile; fileRef = 7A84F9481DFE761D00A37C80 /* Assets.xcassets */; };
		7A84F94C1DFE761D00A37C80 /* LaunchScreen.storyboard in Resources */ = {isa = PBXBuildFile; fileRef = 7A84F94A1DFE761D00A37C80 /* LaunchScreen.storyboard */; };
		7A84F9571DFE761E00A37C80 /* BloomTests.swift in Sources */ = {isa = PBXBuildFile; fileRef = 7A84F9561DFE761E00A37C80 /* BloomTests.swift */; };
		7A84F95C1DFE761E00A37C80 /* Bloom WatchKit App.app in Embed Watch Content */ = {isa = PBXBuildFile; fileRef = 7A84F95B1DFE761E00A37C80 /* Bloom WatchKit App.app */; };
		7A84F9621DFE761E00A37C80 /* Interface.storyboard in Resources */ = {isa = PBXBuildFile; fileRef = 7A84F9601DFE761E00A37C80 /* Interface.storyboard */; };
		7A84F9641DFE761E00A37C80 /* Assets.xcassets in Resources */ = {isa = PBXBuildFile; fileRef = 7A84F9631DFE761E00A37C80 /* Assets.xcassets */; };
		7A84F96B1DFE761E00A37C80 /* Bloom WatchKit Extension.appex in Embed App Extensions */ = {isa = PBXBuildFile; fileRef = 7A84F96A1DFE761E00A37C80 /* Bloom WatchKit Extension.appex */; settings = {ATTRIBUTES = (RemoveHeadersOnCopy, ); }; };
		7A84F9721DFE761E00A37C80 /* InterfaceController.swift in Sources */ = {isa = PBXBuildFile; fileRef = 7A84F9711DFE761E00A37C80 /* InterfaceController.swift */; };
		7A84F9741DFE761E00A37C80 /* ExtensionDelegate.swift in Sources */ = {isa = PBXBuildFile; fileRef = 7A84F9731DFE761E00A37C80 /* ExtensionDelegate.swift */; };
		7A84F9761DFE761E00A37C80 /* NotificationController.swift in Sources */ = {isa = PBXBuildFile; fileRef = 7A84F9751DFE761E00A37C80 /* NotificationController.swift */; };
		7A84F9781DFE761F00A37C80 /* Assets.xcassets in Resources */ = {isa = PBXBuildFile; fileRef = 7A84F9771DFE761F00A37C80 /* Assets.xcassets */; };
		7A9432FF1E08DD4300A1AE9A /* AddExcerciseView.swift in Sources */ = {isa = PBXBuildFile; fileRef = 7A9432FE1E08DD4300A1AE9A /* AddExcerciseView.swift */; };
		7A9CC8FA1EF6F4E600ACE7ED /* HeartView.swift in Sources */ = {isa = PBXBuildFile; fileRef = 7A9CC8F91EF6F4E600ACE7ED /* HeartView.swift */; };
		7A9CC8FC1EF71D6300ACE7ED /* HeartLineView.swift in Sources */ = {isa = PBXBuildFile; fileRef = 7A9CC8FB1EF71D6300ACE7ED /* HeartLineView.swift */; };
		7A9CC99F1F003EF300ACE7ED /* WatchLiveWorkoutController.swift in Sources */ = {isa = PBXBuildFile; fileRef = 7A9CC99E1F003EF300ACE7ED /* WatchLiveWorkoutController.swift */; };
		7A9CC9A11F0152C300ACE7ED /* WorkoutRowController.swift in Sources */ = {isa = PBXBuildFile; fileRef = 7A9CC9A01F0152C300ACE7ED /* WorkoutRowController.swift */; };
		7A9CC9AB1F02152A00ACE7ED /* Bloom.xcdatamodeld in Sources */ = {isa = PBXBuildFile; fileRef = 7AA861291E0F19DE0054B443 /* Bloom.xcdatamodeld */; };
		7AA861281E0F17510054B443 /* CoreDataStack.swift in Sources */ = {isa = PBXBuildFile; fileRef = 7AA861271E0F17510054B443 /* CoreDataStack.swift */; };
		7AA8612B1E0F19DE0054B443 /* Bloom.xcdatamodeld in Sources */ = {isa = PBXBuildFile; fileRef = 7AA861291E0F19DE0054B443 /* Bloom.xcdatamodeld */; };
		7AB6131A1E4035AD00EEAC38 /* BaseBloomView.swift in Sources */ = {isa = PBXBuildFile; fileRef = 7AB613191E4035AD00EEAC38 /* BaseBloomView.swift */; };
		7AB6131C1E403B7F00EEAC38 /* RecordLiveStatView.swift in Sources */ = {isa = PBXBuildFile; fileRef = 7AB6131B1E403B7F00EEAC38 /* RecordLiveStatView.swift */; };
		7AC184011E20BBBB0019AB2F /* RecordLiveExcerciseController.swift in Sources */ = {isa = PBXBuildFile; fileRef = 7AC184001E20BBBB0019AB2F /* RecordLiveExcerciseController.swift */; };
		7AC184031E20BBE80019AB2F /* LiveExcerciseListController.swift in Sources */ = {isa = PBXBuildFile; fileRef = 7AC184021E20BBE80019AB2F /* LiveExcerciseListController.swift */; };
		7AC184051E20BBF70019AB2F /* LiveMapViewController.swift in Sources */ = {isa = PBXBuildFile; fileRef = 7AC184041E20BBF70019AB2F /* LiveMapViewController.swift */; };
		7AC184071E20BC0B0019AB2F /* FinishLiveWorkoutController.swift in Sources */ = {isa = PBXBuildFile; fileRef = 7AC184061E20BC0B0019AB2F /* FinishLiveWorkoutController.swift */; };
		7ACBB5271E0A325800CE285A /* BloomUITests.swift in Sources */ = {isa = PBXBuildFile; fileRef = 7ACBB5261E0A325800CE285A /* BloomUITests.swift */; };
		7ACCF2E21EE99A00002B0865 /* spark.png in Resources */ = {isa = PBXBuildFile; fileRef = 7ACCF2E11EE99A00002B0865 /* spark.png */; };
		7ADD25F91F23CF6E00B434AF /* Utils.swift in Sources */ = {isa = PBXBuildFile; fileRef = 7ADD25F81F23CF6E00B434AF /* Utils.swift */; };
		7ADD26511F2D4DAF00B434AF /* HealthKit.framework in Frameworks */ = {isa = PBXBuildFile; fileRef = 7ADD26501F2D4DAF00B434AF /* HealthKit.framework */; };
		7ADD26541F2D4DBA00B434AF /* HealthKit.framework in Frameworks */ = {isa = PBXBuildFile; fileRef = 7ADD26531F2D4DBA00B434AF /* HealthKit.framework */; };
		7ADD26571F2D4EF900B434AF /* HealthDataService.swift in Sources */ = {isa = PBXBuildFile; fileRef = 7ADD26561F2D4EF900B434AF /* HealthDataService.swift */; };
		7ADD26581F2D4EFF00B434AF /* HealthDataService.swift in Sources */ = {isa = PBXBuildFile; fileRef = 7ADD26561F2D4EF900B434AF /* HealthDataService.swift */; };
		7ADD265B1F2D538B00B434AF /* WorkoutSessionService.swift in Sources */ = {isa = PBXBuildFile; fileRef = 7ADD265A1F2D538B00B434AF /* WorkoutSessionService.swift */; };
		7ADD265D1F2D53F700B434AF /* WorkoutSessionService_Queries.swift in Sources */ = {isa = PBXBuildFile; fileRef = 7ADD265C1F2D53F700B434AF /* WorkoutSessionService_Queries.swift */; };
		7ADD26631F2EECB400B434AF /* HealthDataService_Watch.swift in Sources */ = {isa = PBXBuildFile; fileRef = 7ADD26621F2EECB400B434AF /* HealthDataService_Watch.swift */; };
		7ADD268B1F32913200B434AF /* HeartBeatGraphController.swift in Sources */ = {isa = PBXBuildFile; fileRef = 7ADD268A1F32913200B434AF /* HeartBeatGraphController.swift */; };
		7ADD268D1F35074E00B434AF /* LensFlare.swift in Sources */ = {isa = PBXBuildFile; fileRef = 7ADD268C1F35074E00B434AF /* LensFlare.swift */; };
		7ADD268F1F35084000B434AF /* FinishSummaryController.swift in Sources */ = {isa = PBXBuildFile; fileRef = 7ADD268E1F35084000B434AF /* FinishSummaryController.swift */; };
		7ADD26911F3508F900B434AF /* FinishScene.swift in Sources */ = {isa = PBXBuildFile; fileRef = 7ADD26901F3508F900B434AF /* FinishScene.swift */; };
		7AE2039B1FAA58A700EA86AC /* ActiveExcercise.swift in Sources */ = {isa = PBXBuildFile; fileRef = 7AE2039A1FAA58A700EA86AC /* ActiveExcercise.swift */; };
		7AEAE4C22033496D009EBCD5 /* DustParticleScene.swift in Sources */ = {isa = PBXBuildFile; fileRef = 7AEAE4C12033496C009EBCD5 /* DustParticleScene.swift */; };
		7AEAE4C42046EBE5009EBCD5 /* LiveExcerciseCell.swift in Sources */ = {isa = PBXBuildFile; fileRef = 7AEAE4C32046EBE5009EBCD5 /* LiveExcerciseCell.swift */; };
		F3038D95C25F881B3C3839DB /* libPods-Bloom.a in Frameworks */ = {isa = PBXBuildFile; fileRef = B8BB19AB18E10289449962FF /* libPods-Bloom.a */; };
/* End PBXBuildFile section */

/* Begin PBXContainerItemProxy section */
		7A84F9531DFE761D00A37C80 /* PBXContainerItemProxy */ = {
			isa = PBXContainerItemProxy;
			containerPortal = 7A84F9361DFE761D00A37C80 /* Project object */;
			proxyType = 1;
			remoteGlobalIDString = 7A84F93D1DFE761D00A37C80;
			remoteInfo = Bloom;
		};
		7A84F95D1DFE761E00A37C80 /* PBXContainerItemProxy */ = {
			isa = PBXContainerItemProxy;
			containerPortal = 7A84F9361DFE761D00A37C80 /* Project object */;
			proxyType = 1;
			remoteGlobalIDString = 7A84F95A1DFE761E00A37C80;
			remoteInfo = "Bloom WatchKit App";
		};
		7A84F96C1DFE761E00A37C80 /* PBXContainerItemProxy */ = {
			isa = PBXContainerItemProxy;
			containerPortal = 7A84F9361DFE761D00A37C80 /* Project object */;
			proxyType = 1;
			remoteGlobalIDString = 7A84F9691DFE761E00A37C80;
			remoteInfo = "Bloom WatchKit Extension";
		};
		7ACBB5291E0A325800CE285A /* PBXContainerItemProxy */ = {
			isa = PBXContainerItemProxy;
			containerPortal = 7A84F9361DFE761D00A37C80 /* Project object */;
			proxyType = 1;
			remoteGlobalIDString = 7A84F93D1DFE761D00A37C80;
			remoteInfo = Bloom;
		};
/* End PBXContainerItemProxy section */

/* Begin PBXCopyFilesBuildPhase section */
		7A84F97F1DFE761F00A37C80 /* Embed App Extensions */ = {
			isa = PBXCopyFilesBuildPhase;
			buildActionMask = 2147483647;
			dstPath = "";
			dstSubfolderSpec = 13;
			files = (
				7A84F96B1DFE761E00A37C80 /* Bloom WatchKit Extension.appex in Embed App Extensions */,
			);
			name = "Embed App Extensions";
			runOnlyForDeploymentPostprocessing = 0;
		};
		7A84F9831DFE761F00A37C80 /* Embed Watch Content */ = {
			isa = PBXCopyFilesBuildPhase;
			buildActionMask = 2147483647;
			dstPath = "$(CONTENTS_FOLDER_PATH)/Watch";
			dstSubfolderSpec = 16;
			files = (
				7A84F95C1DFE761E00A37C80 /* Bloom WatchKit App.app in Embed Watch Content */,
			);
			name = "Embed Watch Content";
			runOnlyForDeploymentPostprocessing = 0;
		};
/* End PBXCopyFilesBuildPhase section */

/* Begin PBXFileReference section */
		7A0134821F0693E300B13476 /* WatchConnectivityManager.swift */ = {isa = PBXFileReference; fileEncoding = 4; lastKnownFileType = sourcecode.swift; path = WatchConnectivityManager.swift; sourceTree = "<group>"; };
		7A0134851F0694D500B13476 /* PhoneConnectivityManager.swift */ = {isa = PBXFileReference; fileEncoding = 4; lastKnownFileType = sourcecode.swift; path = PhoneConnectivityManager.swift; sourceTree = "<group>"; };
		7A0134891F08745B00B13476 /* WorkoutManager.swift */ = {isa = PBXFileReference; fileEncoding = 4; lastKnownFileType = sourcecode.swift; path = WorkoutManager.swift; sourceTree = "<group>"; };
		7A01348B1F087BC100B13476 /* StartInterfaceController.swift */ = {isa = PBXFileReference; fileEncoding = 4; lastKnownFileType = sourcecode.swift; path = StartInterfaceController.swift; sourceTree = "<group>"; };
		7A01348D1F0883E100B13476 /* FinishInterfaceController.swift */ = {isa = PBXFileReference; fileEncoding = 4; lastKnownFileType = sourcecode.swift; path = FinishInterfaceController.swift; sourceTree = "<group>"; };
		7A0134B61F0C9EC600B13476 /* RepsWeightController.swift */ = {isa = PBXFileReference; fileEncoding = 4; lastKnownFileType = sourcecode.swift; path = RepsWeightController.swift; sourceTree = "<group>"; };
		7A08C5F41F1483CC007DFD38 /* WorkoutSessionManager.swift */ = {isa = PBXFileReference; fileEncoding = 4; lastKnownFileType = sourcecode.swift; path = WorkoutSessionManager.swift; sourceTree = "<group>"; };
		7A1A50561E14D17300B5D84A /* Drawings+CircularGradient.playground */ = {isa = PBXFileReference; lastKnownFileType = file.playground; path = "Drawings+CircularGradient.playground"; sourceTree = "<group>"; };
		7A1A7FF01F3B64D70013C5AC /* MapKit.framework */ = {isa = PBXFileReference; lastKnownFileType = wrapper.framework; name = MapKit.framework; path = System/Library/Frameworks/MapKit.framework; sourceTree = SDKROOT; };
		7A1A7FF21F3B7D9A0013C5AC /* LocationManager.swift */ = {isa = PBXFileReference; fileEncoding = 4; lastKnownFileType = sourcecode.swift; path = LocationManager.swift; sourceTree = "<group>"; };
		7A1A7FF41F3D586E0013C5AC /* StateAnnotation.swift */ = {isa = PBXFileReference; fileEncoding = 4; lastKnownFileType = sourcecode.swift; path = StateAnnotation.swift; sourceTree = "<group>"; };
		7A1A7FFA1F40DAB60013C5AC /* MapRouteDetailController.swift */ = {isa = PBXFileReference; fileEncoding = 4; lastKnownFileType = sourcecode.swift; path = MapRouteDetailController.swift; sourceTree = "<group>"; };
		7A1A7FFC1F40FC1F0013C5AC /* MultiColorPolyLine.swift */ = {isa = PBXFileReference; fileEncoding = 4; lastKnownFileType = sourcecode.swift; path = MultiColorPolyLine.swift; sourceTree = "<group>"; };
		7A1A7FFF1F42AC130013C5AC /* WorkoutSummary.swift */ = {isa = PBXFileReference; fileEncoding = 4; lastKnownFileType = sourcecode.swift; path = WorkoutSummary.swift; sourceTree = "<group>"; };
		7A1D21A21F60F7E700619231 /* ExcerciseProxy.swift */ = {isa = PBXFileReference; fileEncoding = 4; lastKnownFileType = sourcecode.swift; path = ExcerciseProxy.swift; sourceTree = "<group>"; };
		7A1D21AF1F645BCF00619231 /* Base */ = {isa = PBXFileReference; lastKnownFileType = file.storyboard; name = Base; path = Base.lproj/Settings.storyboard; sourceTree = "<group>"; };
		7A1D21B11F648BC100619231 /* SettingsTableViewController.swift */ = {isa = PBXFileReference; fileEncoding = 4; lastKnownFileType = sourcecode.swift; path = SettingsTableViewController.swift; sourceTree = "<group>"; };
		7A1D21B61F68E63400619231 /* BloomTextfieldManager.swift */ = {isa = PBXFileReference; fileEncoding = 4; lastKnownFileType = sourcecode.swift; path = BloomTextfieldManager.swift; sourceTree = "<group>"; };
		7A1D21B81F6B69B200619231 /* StoreKit.framework */ = {isa = PBXFileReference; lastKnownFileType = wrapper.framework; name = StoreKit.framework; path = System/Library/Frameworks/StoreKit.framework; sourceTree = SDKROOT; };
		7A1D21BB1F6B6A9E00619231 /* IAPManager.swift */ = {isa = PBXFileReference; fileEncoding = 4; lastKnownFileType = sourcecode.swift; path = IAPManager.swift; sourceTree = "<group>"; };
		7A1D21BD1F6B6B4700619231 /* products.plist */ = {isa = PBXFileReference; fileEncoding = 4; lastKnownFileType = text.plist.xml; path = products.plist; sourceTree = "<group>"; };
		7A1D21C21F6B721E00619231 /* Store.storyboard */ = {isa = PBXFileReference; fileEncoding = 4; lastKnownFileType = file.storyboard; path = Store.storyboard; sourceTree = "<group>"; };
		7A1D21C41F6B72E500619231 /* StoreController.swift */ = {isa = PBXFileReference; fileEncoding = 4; lastKnownFileType = sourcecode.swift; path = StoreController.swift; sourceTree = "<group>"; };
		7A1E13E31E05FCC400330EFB /* BeginWorkoutButton.swift */ = {isa = PBXFileReference; fileEncoding = 4; lastKnownFileType = sourcecode.swift; path = BeginWorkoutButton.swift; sourceTree = "<group>"; };
		7A1E13E51E05FCF100330EFB /* GenericBloomButton.swift */ = {isa = PBXFileReference; fileEncoding = 4; lastKnownFileType = sourcecode.swift; path = GenericBloomButton.swift; sourceTree = "<group>"; };
		7A1E13E71E06124300330EFB /* StatsButton.swift */ = {isa = PBXFileReference; fileEncoding = 4; lastKnownFileType = sourcecode.swift; path = StatsButton.swift; sourceTree = "<group>"; };
		7A1E13EA1E06185B00330EFB /* CreateWorkoutController.swift */ = {isa = PBXFileReference; fileEncoding = 4; lastKnownFileType = sourcecode.swift; path = CreateWorkoutController.swift; sourceTree = "<group>"; };
		7A1E13ED1E06197900330EFB /* GradientView.swift */ = {isa = PBXFileReference; fileEncoding = 4; lastKnownFileType = sourcecode.swift; path = GradientView.swift; sourceTree = "<group>"; };
		7A2075E71F783936001C1A02 /* Podfile */ = {isa = PBXFileReference; lastKnownFileType = text; path = Podfile; sourceTree = "<group>"; xcLanguageSpecificationIdentifier = xcode.lang.ruby; };
		7A2075EA1F784078001C1A02 /* Bloom-Bridging-Header.h */ = {isa = PBXFileReference; lastKnownFileType = sourcecode.c.h; path = "Bloom-Bridging-Header.h"; sourceTree = "<group>"; };
		7A2075EB1F784079001C1A02 /* pkcs7_union_accessors.c */ = {isa = PBXFileReference; lastKnownFileType = sourcecode.c.c; path = pkcs7_union_accessors.c; sourceTree = "<group>"; };
		7A2075EC1F784079001C1A02 /* pkcs7_union_accessors.h */ = {isa = PBXFileReference; lastKnownFileType = sourcecode.c.h; path = pkcs7_union_accessors.h; sourceTree = "<group>"; };
		7A2075ED1F7840AF001C1A02 /* ReceiptValidator.swift */ = {isa = PBXFileReference; lastKnownFileType = sourcecode.swift; path = ReceiptValidator.swift; sourceTree = "<group>"; };
		7A2075EE1F7840AF001C1A02 /* ReceiptSignatureValidator.swift */ = {isa = PBXFileReference; lastKnownFileType = sourcecode.swift; path = ReceiptSignatureValidator.swift; sourceTree = "<group>"; };
		7A2075EF1F7840B0001C1A02 /* ReceiptLoader.swift */ = {isa = PBXFileReference; lastKnownFileType = sourcecode.swift; path = ReceiptLoader.swift; sourceTree = "<group>"; };
		7A2075F01F7840B0001C1A02 /* ReceiptParser.swift */ = {isa = PBXFileReference; lastKnownFileType = sourcecode.swift; path = ReceiptParser.swift; sourceTree = "<group>"; };
		7A2075F11F7840B0001C1A02 /* ReceiptExtractor.swift */ = {isa = PBXFileReference; lastKnownFileType = sourcecode.swift; path = ReceiptExtractor.swift; sourceTree = "<group>"; };
		7A2075F21F7840B0001C1A02 /* ReceiptFetcher.swift */ = {isa = PBXFileReference; lastKnownFileType = sourcecode.swift; path = ReceiptFetcher.swift; sourceTree = "<group>"; };
		7A2075F31F7840B1001C1A02 /* DecodingHelpers.swift */ = {isa = PBXFileReference; lastKnownFileType = sourcecode.swift; path = DecodingHelpers.swift; sourceTree = "<group>"; };
		7A2075F41F7840F5001C1A02 /* ParsedReceipt.swift */ = {isa = PBXFileReference; lastKnownFileType = sourcecode.swift; path = ParsedReceipt.swift; sourceTree = "<group>"; };
		7A2075F51F784168001C1A02 /* AppleIncRootCertificate.cer */ = {isa = PBXFileReference; lastKnownFileType = file; path = AppleIncRootCertificate.cer; sourceTree = "<group>"; };
		7A30CD841E03B0F0007C2F69 /* CreateWorkoutButton.swift */ = {isa = PBXFileReference; fileEncoding = 4; lastKnownFileType = sourcecode.swift; path = CreateWorkoutButton.swift; sourceTree = "<group>"; };
		7A38C3F81EE5A0FC000F0AB7 /* BloomFilter.swift */ = {isa = PBXFileReference; fileEncoding = 4; lastKnownFileType = sourcecode.swift; path = BloomFilter.swift; sourceTree = "<group>"; };
		7A4065451EDF4FB00024724C /* GraphViewController.swift */ = {isa = PBXFileReference; fileEncoding = 4; lastKnownFileType = sourcecode.swift; path = GraphViewController.swift; sourceTree = "<group>"; };
		7A4065471EDF51490024724C /* SummaryViewController.swift */ = {isa = PBXFileReference; fileEncoding = 4; lastKnownFileType = sourcecode.swift; path = SummaryViewController.swift; sourceTree = "<group>"; };
		7A40654D1EE269A80024724C /* workoutJsonData.json */ = {isa = PBXFileReference; fileEncoding = 4; lastKnownFileType = text.json; path = workoutJsonData.json; sourceTree = "<group>"; };
		7A40654F1EE2E9520024724C /* ExcercisesController.swift */ = {isa = PBXFileReference; fileEncoding = 4; lastKnownFileType = sourcecode.swift; path = ExcercisesController.swift; sourceTree = "<group>"; };
		7A4065511EE33BE50024724C /* FilterGraphController.swift */ = {isa = PBXFileReference; fileEncoding = 4; lastKnownFileType = sourcecode.swift; path = FilterGraphController.swift; sourceTree = "<group>"; };
		7A43241B1EDDB0BD00BE9009 /* GraphView.swift */ = {isa = PBXFileReference; fileEncoding = 4; lastKnownFileType = sourcecode.swift; path = GraphView.swift; sourceTree = "<group>"; };
		7A450AFE1F79E76B00DA0843 /* CSVExporter.swift */ = {isa = PBXFileReference; lastKnownFileType = sourcecode.swift; path = CSVExporter.swift; sourceTree = "<group>"; };
		7A450B021F7DF70000DA0843 /* DustParticles.sks */ = {isa = PBXFileReference; lastKnownFileType = file.sks; path = DustParticles.sks; sourceTree = "<group>"; };
		7A5346811E198B680067E982 /* HeartBeatPulseAnimation.playground */ = {isa = PBXFileReference; lastKnownFileType = file.playground; path = HeartBeatPulseAnimation.playground; sourceTree = "<group>"; };
		7A5346821E1A03610067E982 /* HeartBeatView.swift */ = {isa = PBXFileReference; fileEncoding = 4; lastKnownFileType = sourcecode.swift; path = HeartBeatView.swift; sourceTree = "<group>"; };
		7A6340021E05CECA0021594C /* Drawings+Icons.playground */ = {isa = PBXFileReference; lastKnownFileType = file.playground; path = "Drawings+Icons.playground"; sourceTree = "<group>"; };
		7A66583D1E46974C008B41FA /* Types.swift */ = {isa = PBXFileReference; fileEncoding = 4; lastKnownFileType = sourcecode.swift; path = Types.swift; sourceTree = "<group>"; };
		7A68C7F21E11EE0500F6023A /* EditWorkoutButton.swift */ = {isa = PBXFileReference; fileEncoding = 4; lastKnownFileType = sourcecode.swift; path = EditWorkoutButton.swift; sourceTree = "<group>"; };
		7A6B9BBC1EDA8BCE00E05D04 /* CoreDataTest.swift */ = {isa = PBXFileReference; fileEncoding = 4; lastKnownFileType = sourcecode.swift; path = CoreDataTest.swift; sourceTree = "<group>"; };
		7A6CC7FF1F92A40A00E38DB4 /* Node.swift */ = {isa = PBXFileReference; lastKnownFileType = sourcecode.swift; path = Node.swift; sourceTree = "<group>"; };
		7A6CC8011F92A43500E38DB4 /* Plane.swift */ = {isa = PBXFileReference; lastKnownFileType = sourcecode.swift; path = Plane.swift; sourceTree = "<group>"; };
		7A6CC8031F92A45F00E38DB4 /* MetalTypes.swift */ = {isa = PBXFileReference; lastKnownFileType = sourcecode.swift; path = MetalTypes.swift; sourceTree = "<group>"; };
		7A6CC8071F92A57100E38DB4 /* Scene.swift */ = {isa = PBXFileReference; lastKnownFileType = sourcecode.swift; path = Scene.swift; sourceTree = "<group>"; };
		7A6CC8091F92A58100E38DB4 /* StartWorkoutScene.swift */ = {isa = PBXFileReference; lastKnownFileType = sourcecode.swift; path = StartWorkoutScene.swift; sourceTree = "<group>"; };
		7A6CC80B1F92A5D900E38DB4 /* Renderer.swift */ = {isa = PBXFileReference; lastKnownFileType = sourcecode.swift; path = Renderer.swift; sourceTree = "<group>"; };
		7A6CC80D1F92A62100E38DB4 /* Shader.metal */ = {isa = PBXFileReference; lastKnownFileType = sourcecode.metal; path = Shader.metal; sourceTree = "<group>"; };
		7A764CEA1E16EF1300736446 /* RingLayer.swift */ = {isa = PBXFileReference; fileEncoding = 4; lastKnownFileType = sourcecode.swift; path = RingLayer.swift; sourceTree = "<group>"; };
		7A764CEC1E16EFF400736446 /* LayerExtension.swift */ = {isa = PBXFileReference; fileEncoding = 4; lastKnownFileType = sourcecode.swift; path = LayerExtension.swift; sourceTree = "<group>"; };
		7A7915D61E10A6BD00090D7B /* WorkoutsController.swift */ = {isa = PBXFileReference; fileEncoding = 4; lastKnownFileType = sourcecode.swift; path = WorkoutsController.swift; sourceTree = "<group>"; };
		7A7915D81E10BF3C00090D7B /* StartWorkoutController.swift */ = {isa = PBXFileReference; fileEncoding = 4; lastKnownFileType = sourcecode.swift; path = StartWorkoutController.swift; sourceTree = "<group>"; };
		7A7915DA1E10CA9000090D7B /* StartButton.swift */ = {isa = PBXFileReference; fileEncoding = 4; lastKnownFileType = sourcecode.swift; path = StartButton.swift; sourceTree = "<group>"; };
		7A7D94B41EF1003800609B88 /* WorkoutDetailController.swift */ = {isa = PBXFileReference; fileEncoding = 4; lastKnownFileType = sourcecode.swift; path = WorkoutDetailController.swift; sourceTree = "<group>"; };
		7A7E6A7C1E1B545100D2AEDB /* LiveWorkoutTableViewCell.swift */ = {isa = PBXFileReference; fileEncoding = 4; lastKnownFileType = sourcecode.swift; path = LiveWorkoutTableViewCell.swift; sourceTree = "<group>"; };
		7A7FD8031F51ED5200B87269 /* AlertManager.swift */ = {isa = PBXFileReference; fileEncoding = 4; lastKnownFileType = sourcecode.swift; path = AlertManager.swift; sourceTree = "<group>"; };
		7A7FD8241F58EFCA00B87269 /* CreateController.swift */ = {isa = PBXFileReference; fileEncoding = 4; lastKnownFileType = sourcecode.swift; path = CreateController.swift; sourceTree = "<group>"; };
		7A7FD8261F58F1A200B87269 /* NameWorkoutViewManager.swift */ = {isa = PBXFileReference; fileEncoding = 4; lastKnownFileType = sourcecode.swift; path = NameWorkoutViewManager.swift; sourceTree = "<group>"; };
		7A7FD8281F58F1D700B87269 /* AddExcerciseViewManager.swift */ = {isa = PBXFileReference; fileEncoding = 4; lastKnownFileType = sourcecode.swift; path = AddExcerciseViewManager.swift; sourceTree = "<group>"; };
		7A7FD82A1F58F26C00B87269 /* FindViewManager.swift */ = {isa = PBXFileReference; fileEncoding = 4; lastKnownFileType = sourcecode.swift; path = FindViewManager.swift; sourceTree = "<group>"; };
		7A7FD82C1F58F27700B87269 /* CreateViewManager.swift */ = {isa = PBXFileReference; fileEncoding = 4; lastKnownFileType = sourcecode.swift; path = CreateViewManager.swift; sourceTree = "<group>"; };
		7A7FD82E1F5A339700B87269 /* FindAndCreateViewManager.swift */ = {isa = PBXFileReference; fileEncoding = 4; lastKnownFileType = sourcecode.swift; path = FindAndCreateViewManager.swift; sourceTree = "<group>"; };
		7A7FD8301F5B649700B87269 /* CreateDataManager.swift */ = {isa = PBXFileReference; fileEncoding = 4; lastKnownFileType = sourcecode.swift; path = CreateDataManager.swift; sourceTree = "<group>"; };
		7A7FD8361F5C9E4300B87269 /* Validate.swift */ = {isa = PBXFileReference; fileEncoding = 4; lastKnownFileType = sourcecode.swift; path = Validate.swift; sourceTree = "<group>"; };
		7A8396B41E18DE78006CE5FB /* LiveWorkoutController.swift */ = {isa = PBXFileReference; fileEncoding = 4; lastKnownFileType = sourcecode.swift; path = LiveWorkoutController.swift; sourceTree = "<group>"; };
		7A83F94C1E1228FC00451BBA /* CountDownView.swift */ = {isa = PBXFileReference; fileEncoding = 4; lastKnownFileType = sourcecode.swift; path = CountDownView.swift; sourceTree = "<group>"; };
		7A84F93E1DFE761D00A37C80 /* Bloom.app */ = {isa = PBXFileReference; explicitFileType = wrapper.application; includeInIndex = 0; path = Bloom.app; sourceTree = BUILT_PRODUCTS_DIR; };
		7A84F9411DFE761D00A37C80 /* AppDelegate.swift */ = {isa = PBXFileReference; lastKnownFileType = sourcecode.swift; path = AppDelegate.swift; sourceTree = "<group>"; };
		7A84F9431DFE761D00A37C80 /* MainViewController.swift */ = {isa = PBXFileReference; lastKnownFileType = sourcecode.swift; path = MainViewController.swift; sourceTree = "<group>"; };
		7A84F9461DFE761D00A37C80 /* Base */ = {isa = PBXFileReference; lastKnownFileType = file.storyboard; name = Base; path = Base.lproj/Main.storyboard; sourceTree = "<group>"; };
		7A84F9481DFE761D00A37C80 /* Assets.xcassets */ = {isa = PBXFileReference; lastKnownFileType = folder.assetcatalog; path = Assets.xcassets; sourceTree = "<group>"; };
		7A84F94B1DFE761D00A37C80 /* Base */ = {isa = PBXFileReference; lastKnownFileType = file.storyboard; name = Base; path = Base.lproj/LaunchScreen.storyboard; sourceTree = "<group>"; };
		7A84F94D1DFE761D00A37C80 /* Info.plist */ = {isa = PBXFileReference; lastKnownFileType = text.plist.xml; path = Info.plist; sourceTree = "<group>"; };
		7A84F9521DFE761D00A37C80 /* BloomTests.xctest */ = {isa = PBXFileReference; explicitFileType = wrapper.cfbundle; includeInIndex = 0; path = BloomTests.xctest; sourceTree = BUILT_PRODUCTS_DIR; };
		7A84F9561DFE761E00A37C80 /* BloomTests.swift */ = {isa = PBXFileReference; lastKnownFileType = sourcecode.swift; path = BloomTests.swift; sourceTree = "<group>"; };
		7A84F9581DFE761E00A37C80 /* Info.plist */ = {isa = PBXFileReference; lastKnownFileType = text.plist.xml; path = Info.plist; sourceTree = "<group>"; };
		7A84F95B1DFE761E00A37C80 /* Bloom WatchKit App.app */ = {isa = PBXFileReference; explicitFileType = wrapper.application; includeInIndex = 0; path = "Bloom WatchKit App.app"; sourceTree = BUILT_PRODUCTS_DIR; };
		7A84F9611DFE761E00A37C80 /* Base */ = {isa = PBXFileReference; lastKnownFileType = file.storyboard; name = Base; path = Base.lproj/Interface.storyboard; sourceTree = "<group>"; };
		7A84F9631DFE761E00A37C80 /* Assets.xcassets */ = {isa = PBXFileReference; lastKnownFileType = folder.assetcatalog; path = Assets.xcassets; sourceTree = "<group>"; };
		7A84F9651DFE761E00A37C80 /* Info.plist */ = {isa = PBXFileReference; lastKnownFileType = text.plist.xml; path = Info.plist; sourceTree = "<group>"; };
		7A84F96A1DFE761E00A37C80 /* Bloom WatchKit Extension.appex */ = {isa = PBXFileReference; explicitFileType = "wrapper.app-extension"; includeInIndex = 0; path = "Bloom WatchKit Extension.appex"; sourceTree = BUILT_PRODUCTS_DIR; };
		7A84F9701DFE761E00A37C80 /* PushNotificationPayload.apns */ = {isa = PBXFileReference; lastKnownFileType = text; path = PushNotificationPayload.apns; sourceTree = "<group>"; };
		7A84F9711DFE761E00A37C80 /* InterfaceController.swift */ = {isa = PBXFileReference; lastKnownFileType = sourcecode.swift; path = InterfaceController.swift; sourceTree = "<group>"; };
		7A84F9731DFE761E00A37C80 /* ExtensionDelegate.swift */ = {isa = PBXFileReference; lastKnownFileType = sourcecode.swift; path = ExtensionDelegate.swift; sourceTree = "<group>"; };
		7A84F9751DFE761E00A37C80 /* NotificationController.swift */ = {isa = PBXFileReference; lastKnownFileType = sourcecode.swift; path = NotificationController.swift; sourceTree = "<group>"; };
		7A84F9771DFE761F00A37C80 /* Assets.xcassets */ = {isa = PBXFileReference; lastKnownFileType = folder.assetcatalog; path = Assets.xcassets; sourceTree = "<group>"; };
		7A84F9791DFE761F00A37C80 /* Info.plist */ = {isa = PBXFileReference; lastKnownFileType = text.plist.xml; path = Info.plist; sourceTree = "<group>"; };
		7A9432FE1E08DD4300A1AE9A /* AddExcerciseView.swift */ = {isa = PBXFileReference; fileEncoding = 4; lastKnownFileType = sourcecode.swift; path = AddExcerciseView.swift; sourceTree = "<group>"; };
		7A9CC8F91EF6F4E600ACE7ED /* HeartView.swift */ = {isa = PBXFileReference; fileEncoding = 4; lastKnownFileType = sourcecode.swift; path = HeartView.swift; sourceTree = "<group>"; };
		7A9CC8FB1EF71D6300ACE7ED /* HeartLineView.swift */ = {isa = PBXFileReference; fileEncoding = 4; lastKnownFileType = sourcecode.swift; path = HeartLineView.swift; sourceTree = "<group>"; };
		7A9CC99E1F003EF300ACE7ED /* WatchLiveWorkoutController.swift */ = {isa = PBXFileReference; fileEncoding = 4; lastKnownFileType = sourcecode.swift; path = WatchLiveWorkoutController.swift; sourceTree = "<group>"; };
		7A9CC9A01F0152C300ACE7ED /* WorkoutRowController.swift */ = {isa = PBXFileReference; fileEncoding = 4; lastKnownFileType = sourcecode.swift; path = WorkoutRowController.swift; sourceTree = "<group>"; };
		7AA861271E0F17510054B443 /* CoreDataStack.swift */ = {isa = PBXFileReference; fileEncoding = 4; lastKnownFileType = sourcecode.swift; path = CoreDataStack.swift; sourceTree = "<group>"; };
		7AA8612A1E0F19DE0054B443 /* Bloom.xcdatamodel */ = {isa = PBXFileReference; lastKnownFileType = wrapper.xcdatamodel; path = Bloom.xcdatamodel; sourceTree = "<group>"; };
		7AB613191E4035AD00EEAC38 /* BaseBloomView.swift */ = {isa = PBXFileReference; fileEncoding = 4; lastKnownFileType = sourcecode.swift; path = BaseBloomView.swift; sourceTree = "<group>"; };
		7AB6131B1E403B7F00EEAC38 /* RecordLiveStatView.swift */ = {isa = PBXFileReference; fileEncoding = 4; lastKnownFileType = sourcecode.swift; path = RecordLiveStatView.swift; sourceTree = "<group>"; };
		7AC184001E20BBBB0019AB2F /* RecordLiveExcerciseController.swift */ = {isa = PBXFileReference; fileEncoding = 4; lastKnownFileType = sourcecode.swift; path = RecordLiveExcerciseController.swift; sourceTree = "<group>"; };
		7AC184021E20BBE80019AB2F /* LiveExcerciseListController.swift */ = {isa = PBXFileReference; fileEncoding = 4; lastKnownFileType = sourcecode.swift; path = LiveExcerciseListController.swift; sourceTree = "<group>"; };
		7AC184041E20BBF70019AB2F /* LiveMapViewController.swift */ = {isa = PBXFileReference; fileEncoding = 4; lastKnownFileType = sourcecode.swift; path = LiveMapViewController.swift; sourceTree = "<group>"; };
		7AC184061E20BC0B0019AB2F /* FinishLiveWorkoutController.swift */ = {isa = PBXFileReference; fileEncoding = 4; lastKnownFileType = sourcecode.swift; path = FinishLiveWorkoutController.swift; sourceTree = "<group>"; };
		7ACBB5241E0A325800CE285A /* BloomUITests.xctest */ = {isa = PBXFileReference; explicitFileType = wrapper.cfbundle; includeInIndex = 0; path = BloomUITests.xctest; sourceTree = BUILT_PRODUCTS_DIR; };
		7ACBB5261E0A325800CE285A /* BloomUITests.swift */ = {isa = PBXFileReference; lastKnownFileType = sourcecode.swift; path = BloomUITests.swift; sourceTree = "<group>"; };
		7ACBB5281E0A325800CE285A /* Info.plist */ = {isa = PBXFileReference; lastKnownFileType = text.plist.xml; path = Info.plist; sourceTree = "<group>"; };
		7ACCF2E11EE99A00002B0865 /* spark.png */ = {isa = PBXFileReference; lastKnownFileType = image.png; path = spark.png; sourceTree = "<group>"; };
		7ADD25F81F23CF6E00B434AF /* Utils.swift */ = {isa = PBXFileReference; fileEncoding = 4; lastKnownFileType = sourcecode.swift; path = Utils.swift; sourceTree = "<group>"; };
		7ADD264E1F2D4DAF00B434AF /* Bloom.entitlements */ = {isa = PBXFileReference; lastKnownFileType = text.plist.entitlements; path = Bloom.entitlements; sourceTree = "<group>"; };
		7ADD26501F2D4DAF00B434AF /* HealthKit.framework */ = {isa = PBXFileReference; lastKnownFileType = wrapper.framework; name = HealthKit.framework; path = System/Library/Frameworks/HealthKit.framework; sourceTree = SDKROOT; };
		7ADD26521F2D4DBA00B434AF /* Bloom WatchKit Extension.entitlements */ = {isa = PBXFileReference; lastKnownFileType = text.plist.entitlements; path = "Bloom WatchKit Extension.entitlements"; sourceTree = "<group>"; };
		7ADD26531F2D4DBA00B434AF /* HealthKit.framework */ = {isa = PBXFileReference; lastKnownFileType = wrapper.framework; name = HealthKit.framework; path = Platforms/WatchOS.platform/Developer/SDKs/WatchOS3.2.sdk/System/Library/Frameworks/HealthKit.framework; sourceTree = DEVELOPER_DIR; };
		7ADD26561F2D4EF900B434AF /* HealthDataService.swift */ = {isa = PBXFileReference; fileEncoding = 4; lastKnownFileType = sourcecode.swift; path = HealthDataService.swift; sourceTree = "<group>"; };
		7ADD265A1F2D538B00B434AF /* WorkoutSessionService.swift */ = {isa = PBXFileReference; fileEncoding = 4; lastKnownFileType = sourcecode.swift; path = WorkoutSessionService.swift; sourceTree = "<group>"; };
		7ADD265C1F2D53F700B434AF /* WorkoutSessionService_Queries.swift */ = {isa = PBXFileReference; fileEncoding = 4; lastKnownFileType = sourcecode.swift; path = WorkoutSessionService_Queries.swift; sourceTree = "<group>"; };
		7ADD26621F2EECB400B434AF /* HealthDataService_Watch.swift */ = {isa = PBXFileReference; fileEncoding = 4; lastKnownFileType = sourcecode.swift; path = HealthDataService_Watch.swift; sourceTree = "<group>"; };
		7ADD268A1F32913200B434AF /* HeartBeatGraphController.swift */ = {isa = PBXFileReference; fileEncoding = 4; lastKnownFileType = sourcecode.swift; path = HeartBeatGraphController.swift; sourceTree = "<group>"; };
		7ADD268C1F35074E00B434AF /* LensFlare.swift */ = {isa = PBXFileReference; fileEncoding = 4; lastKnownFileType = sourcecode.swift; path = LensFlare.swift; sourceTree = "<group>"; };
		7ADD268E1F35084000B434AF /* FinishSummaryController.swift */ = {isa = PBXFileReference; fileEncoding = 4; lastKnownFileType = sourcecode.swift; path = FinishSummaryController.swift; sourceTree = "<group>"; };
		7ADD26901F3508F900B434AF /* FinishScene.swift */ = {isa = PBXFileReference; fileEncoding = 4; lastKnownFileType = sourcecode.swift; path = FinishScene.swift; sourceTree = "<group>"; };
		7AE2039A1FAA58A700EA86AC /* ActiveExcercise.swift */ = {isa = PBXFileReference; lastKnownFileType = sourcecode.swift; path = ActiveExcercise.swift; sourceTree = "<group>"; };
		7AEAE4C12033496C009EBCD5 /* DustParticleScene.swift */ = {isa = PBXFileReference; lastKnownFileType = sourcecode.swift; path = DustParticleScene.swift; sourceTree = "<group>"; };
		7AEAE4C32046EBE5009EBCD5 /* LiveExcerciseCell.swift */ = {isa = PBXFileReference; lastKnownFileType = sourcecode.swift; path = LiveExcerciseCell.swift; sourceTree = "<group>"; };
		B8BB19AB18E10289449962FF /* libPods-Bloom.a */ = {isa = PBXFileReference; explicitFileType = archive.ar; includeInIndex = 0; path = "libPods-Bloom.a"; sourceTree = BUILT_PRODUCTS_DIR; };
		D73CDD64A85C1A670D6455FE /* Pods-Bloom.release.xcconfig */ = {isa = PBXFileReference; includeInIndex = 1; lastKnownFileType = text.xcconfig; name = "Pods-Bloom.release.xcconfig"; path = "Pods/Target Support Files/Pods-Bloom/Pods-Bloom.release.xcconfig"; sourceTree = "<group>"; };
		ED8B18BD00BA06D1248254F4 /* Pods-Bloom.debug.xcconfig */ = {isa = PBXFileReference; includeInIndex = 1; lastKnownFileType = text.xcconfig; name = "Pods-Bloom.debug.xcconfig"; path = "Pods/Target Support Files/Pods-Bloom/Pods-Bloom.debug.xcconfig"; sourceTree = "<group>"; };
/* End PBXFileReference section */

/* Begin PBXFrameworksBuildPhase section */
		41BBFEAFECECC34583DB8775 /* Frameworks */ = {
			isa = PBXFrameworksBuildPhase;
			buildActionMask = 2147483647;
			files = (
			);
			runOnlyForDeploymentPostprocessing = 0;
		};
		7A84F93B1DFE761D00A37C80 /* Frameworks */ = {
			isa = PBXFrameworksBuildPhase;
			buildActionMask = 2147483647;
			files = (
				7A1D21B91F6B69B200619231 /* StoreKit.framework in Frameworks */,
				7A1A7FF11F3B64D70013C5AC /* MapKit.framework in Frameworks */,
				7ADD26511F2D4DAF00B434AF /* HealthKit.framework in Frameworks */,
				F3038D95C25F881B3C3839DB /* libPods-Bloom.a in Frameworks */,
			);
			runOnlyForDeploymentPostprocessing = 0;
		};
		7A84F94F1DFE761D00A37C80 /* Frameworks */ = {
			isa = PBXFrameworksBuildPhase;
			buildActionMask = 2147483647;
			files = (
			);
			runOnlyForDeploymentPostprocessing = 0;
		};
		7A84F9671DFE761E00A37C80 /* Frameworks */ = {
			isa = PBXFrameworksBuildPhase;
			buildActionMask = 2147483647;
			files = (
				7ADD26541F2D4DBA00B434AF /* HealthKit.framework in Frameworks */,
			);
			runOnlyForDeploymentPostprocessing = 0;
		};
		7ACBB5211E0A325800CE285A /* Frameworks */ = {
			isa = PBXFrameworksBuildPhase;
			buildActionMask = 2147483647;
			files = (
			);
			runOnlyForDeploymentPostprocessing = 0;
		};
/* End PBXFrameworksBuildPhase section */

/* Begin PBXGroup section */
		7A0134841F0694C500B13476 /* PhoneConnectivity */ = {
			isa = PBXGroup;
			children = (
				7A0134851F0694D500B13476 /* PhoneConnectivityManager.swift */,
				7A08C5F41F1483CC007DFD38 /* WorkoutSessionManager.swift */,
			);
			name = PhoneConnectivity;
			sourceTree = "<group>";
		};
		7A0134881F07550500B13476 /* WatchConnectivity */ = {
			isa = PBXGroup;
			children = (
				7A0134821F0693E300B13476 /* WatchConnectivityManager.swift */,
				7A0134891F08745B00B13476 /* WorkoutManager.swift */,
				7AE2039A1FAA58A700EA86AC /* ActiveExcercise.swift */,
			);
			name = WatchConnectivity;
			sourceTree = "<group>";
		};
		7A01348F1F08AFB900B13476 /* LiveWorkout */ = {
			isa = PBXGroup;
			children = (
				7A9CC99E1F003EF300ACE7ED /* WatchLiveWorkoutController.swift */,
				7A0134B61F0C9EC600B13476 /* RepsWeightController.swift */,
				7A01348D1F0883E100B13476 /* FinishInterfaceController.swift */,
			);
			name = LiveWorkout;
			sourceTree = "<group>";
		};
		7A1A7FFE1F42A4FA0013C5AC /* FinishedSummary */ = {
			isa = PBXGroup;
			children = (
				7ADD268C1F35074E00B434AF /* LensFlare.swift */,
				7ADD26901F3508F900B434AF /* FinishScene.swift */,
				7ADD268E1F35084000B434AF /* FinishSummaryController.swift */,
				7A1A7FFF1F42AC130013C5AC /* WorkoutSummary.swift */,
			);
			name = FinishedSummary;
			sourceTree = "<group>";
		};
		7A1D21BA1F6B6A8E00619231 /* IAP */ = {
			isa = PBXGroup;
			children = (
				7A2075E91F784025001C1A02 /* Crypto */,
				7A1D21BB1F6B6A9E00619231 /* IAPManager.swift */,
				7A1D21C41F6B72E500619231 /* StoreController.swift */,
				7A1D21BD1F6B6B4700619231 /* products.plist */,
			);
			name = IAP;
			sourceTree = "<group>";
		};
		7A1E13E91E06182600330EFB /* App Buttons */ = {
			isa = PBXGroup;
			children = (
				7A1E13E51E05FCF100330EFB /* GenericBloomButton.swift */,
				7A30CD841E03B0F0007C2F69 /* CreateWorkoutButton.swift */,
				7A1E13E31E05FCC400330EFB /* BeginWorkoutButton.swift */,
				7A1E13E71E06124300330EFB /* StatsButton.swift */,
				7A7915DA1E10CA9000090D7B /* StartButton.swift */,
				7A68C7F21E11EE0500F6023A /* EditWorkoutButton.swift */,
			);
			name = "App Buttons";
			sourceTree = "<group>";
		};
		7A1E13EC1E06195600330EFB /* Custom Views */ = {
			isa = PBXGroup;
			children = (
				7A764CE91E16EF0400736446 /* Layers */,
				7A1E13ED1E06197900330EFB /* GradientView.swift */,
				7A83F94C1E1228FC00451BBA /* CountDownView.swift */,
				7A5346821E1A03610067E982 /* HeartBeatView.swift */,
				7A9CC8F91EF6F4E600ACE7ED /* HeartView.swift */,
				7A9CC8FB1EF71D6300ACE7ED /* HeartLineView.swift */,
				7A43241B1EDDB0BD00BE9009 /* GraphView.swift */,
			);
			name = "Custom Views";
			sourceTree = "<group>";
		};
		7A2075E91F784025001C1A02 /* Crypto */ = {
			isa = PBXGroup;
			children = (
				7A2075F51F784168001C1A02 /* AppleIncRootCertificate.cer */,
				7A2075F31F7840B1001C1A02 /* DecodingHelpers.swift */,
				7A2075F11F7840B0001C1A02 /* ReceiptExtractor.swift */,
				7A2075F21F7840B0001C1A02 /* ReceiptFetcher.swift */,
				7A2075EF1F7840B0001C1A02 /* ReceiptLoader.swift */,
				7A2075F01F7840B0001C1A02 /* ReceiptParser.swift */,
				7A2075EE1F7840AF001C1A02 /* ReceiptSignatureValidator.swift */,
				7A2075ED1F7840AF001C1A02 /* ReceiptValidator.swift */,
				7A2075F41F7840F5001C1A02 /* ParsedReceipt.swift */,
				7A2075EB1F784079001C1A02 /* pkcs7_union_accessors.c */,
				7A2075EC1F784079001C1A02 /* pkcs7_union_accessors.h */,
				7A2075EA1F784078001C1A02 /* Bloom-Bridging-Header.h */,
			);
			name = Crypto;
			sourceTree = "<group>";
		};
		7A30CD831E03AFDA007C2F69 /* Playgrounds */ = {
			isa = PBXGroup;
			children = (
				7A6340021E05CECA0021594C /* Drawings+Icons.playground */,
				7A1A50561E14D17300B5D84A /* Drawings+CircularGradient.playground */,
				7A5346811E198B680067E982 /* HeartBeatPulseAnimation.playground */,
			);
			name = Playgrounds;
			sourceTree = "<group>";
		};
		7A4065441EDF4F890024724C /* StatsGroup */ = {
			isa = PBXGroup;
			children = (
				7A4065471EDF51490024724C /* SummaryViewController.swift */,
				7A40654F1EE2E9520024724C /* ExcercisesController.swift */,
				7A4065451EDF4FB00024724C /* GraphViewController.swift */,
				7A4065511EE33BE50024724C /* FilterGraphController.swift */,
				7A7D94B41EF1003800609B88 /* WorkoutDetailController.swift */,
				7ADD268A1F32913200B434AF /* HeartBeatGraphController.swift */,
				7A1A7FFA1F40DAB60013C5AC /* MapRouteDetailController.swift */,
				7A1A7FFC1F40FC1F0013C5AC /* MultiColorPolyLine.swift */,
				7A450AFE1F79E76B00DA0843 /* CSVExporter.swift */,
			);
			name = StatsGroup;
			sourceTree = "<group>";
		};
		7A6CC8051F92A53400E38DB4 /* Nodes */ = {
			isa = PBXGroup;
			children = (
				7A6CC7FF1F92A40A00E38DB4 /* Node.swift */,
				7A6CC8011F92A43500E38DB4 /* Plane.swift */,
			);
			name = Nodes;
			sourceTree = "<group>";
		};
		7A6CC8061F92A54100E38DB4 /* Scenes */ = {
			isa = PBXGroup;
			children = (
				7A6CC8071F92A57100E38DB4 /* Scene.swift */,
				7A6CC8091F92A58100E38DB4 /* StartWorkoutScene.swift */,
			);
			name = Scenes;
			sourceTree = "<group>";
		};
		7A764CE91E16EF0400736446 /* Layers */ = {
			isa = PBXGroup;
			children = (
				7A764CEA1E16EF1300736446 /* RingLayer.swift */,
				7A764CEC1E16EFF400736446 /* LayerExtension.swift */,
			);
			name = Layers;
			sourceTree = "<group>";
		};
		7A796D461E2B05500006DE61 /* Metal */ = {
			isa = PBXGroup;
			children = (
				7A6CC8031F92A45F00E38DB4 /* MetalTypes.swift */,
				7A6CC80B1F92A5D900E38DB4 /* Renderer.swift */,
				7A6CC8061F92A54100E38DB4 /* Scenes */,
				7A6CC8051F92A53400E38DB4 /* Nodes */,
				7A6CC80D1F92A62100E38DB4 /* Shader.metal */,
			);
			name = Metal;
			sourceTree = "<group>";
		};
		7A7E6A7B1E1B541F00D2AEDB /* Custom Cells */ = {
			isa = PBXGroup;
			children = (
				7A7E6A7C1E1B545100D2AEDB /* LiveWorkoutTableViewCell.swift */,
				7AEAE4C32046EBE5009EBCD5 /* LiveExcerciseCell.swift */,
			);
			name = "Custom Cells";
			sourceTree = "<group>";
		};
		7A7FD8231F58EF9700B87269 /* CreateWorkout */ = {
			isa = PBXGroup;
			children = (
				7A7FD8241F58EFCA00B87269 /* CreateController.swift */,
				7A7FD8261F58F1A200B87269 /* NameWorkoutViewManager.swift */,
				7A7FD8281F58F1D700B87269 /* AddExcerciseViewManager.swift */,
				7A7FD82E1F5A339700B87269 /* FindAndCreateViewManager.swift */,
				7A7FD82A1F58F26C00B87269 /* FindViewManager.swift */,
				7A7FD82C1F58F27700B87269 /* CreateViewManager.swift */,
				7A7FD8301F5B649700B87269 /* CreateDataManager.swift */,
				7A7FD8361F5C9E4300B87269 /* Validate.swift */,
			);
			name = CreateWorkout;
			sourceTree = "<group>";
		};
		7A84F9351DFE761D00A37C80 = {
			isa = PBXGroup;
			children = (
				7A40654D1EE269A80024724C /* workoutJsonData.json */,
				7A2075E71F783936001C1A02 /* Podfile */,
				7A6B9BBC1EDA8BCE00E05D04 /* CoreDataTest.swift */,
				7A30CD831E03AFDA007C2F69 /* Playgrounds */,
				7A84F9401DFE761D00A37C80 /* Bloom */,
				7A84F95F1DFE761E00A37C80 /* Bloom WatchKit App */,
				7A84F96E1DFE761E00A37C80 /* Bloom WatchKit Extension */,
				7ACBB5251E0A325800CE285A /* BloomUITests */,
				7A84F9551DFE761E00A37C80 /* BloomTests */,
				7A84F93F1DFE761D00A37C80 /* Products */,
				7ADD264F1F2D4DAF00B434AF /* Frameworks */,
				DE1C469CE057F4EF38A25E1F /* Pods */,
			);
			sourceTree = "<group>";
		};
		7A84F93F1DFE761D00A37C80 /* Products */ = {
			isa = PBXGroup;
			children = (
				7A84F93E1DFE761D00A37C80 /* Bloom.app */,
				7A84F9521DFE761D00A37C80 /* BloomTests.xctest */,
				7A84F95B1DFE761E00A37C80 /* Bloom WatchKit App.app */,
				7A84F96A1DFE761E00A37C80 /* Bloom WatchKit Extension.appex */,
				7ACBB5241E0A325800CE285A /* BloomUITests.xctest */,
			);
			name = Products;
			sourceTree = "<group>";
		};
		7A84F9401DFE761D00A37C80 /* Bloom */ = {
			isa = PBXGroup;
			children = (
				7ADD264E1F2D4DAF00B434AF /* Bloom.entitlements */,
				7A796D461E2B05500006DE61 /* Metal */,
				7ACCF2E11EE99A00002B0865 /* spark.png */,
				7A450B021F7DF70000DA0843 /* DustParticles.sks */,
				7A1D21BA1F6B6A8E00619231 /* IAP */,
				7A0134841F0694C500B13476 /* PhoneConnectivity */,
				7A84F9411DFE761D00A37C80 /* AppDelegate.swift */,
				7ADD25F81F23CF6E00B434AF /* Utils.swift */,
				7A38C3F81EE5A0FC000F0AB7 /* BloomFilter.swift */,
				7A1D21B61F68E63400619231 /* BloomTextfieldManager.swift */,
				7A7FD8031F51ED5200B87269 /* AlertManager.swift */,
				7AA861271E0F17510054B443 /* CoreDataStack.swift */,
				7A1D21A21F60F7E700619231 /* ExcerciseProxy.swift */,
				7AA861291E0F19DE0054B443 /* Bloom.xcdatamodeld */,
				7A1E13EC1E06195600330EFB /* Custom Views */,
				7A1E13E91E06182600330EFB /* App Buttons */,
				7A7E6A7B1E1B541F00D2AEDB /* Custom Cells */,
				7A84F9431DFE761D00A37C80 /* MainViewController.swift */,
				7A7FD8231F58EF9700B87269 /* CreateWorkout */,
				7A1E13EA1E06185B00330EFB /* CreateWorkoutController.swift */,
				7AB613191E4035AD00EEAC38 /* BaseBloomView.swift */,
				7A9432FE1E08DD4300A1AE9A /* AddExcerciseView.swift */,
				7AB6131B1E403B7F00EEAC38 /* RecordLiveStatView.swift */,
				7A7915D61E10A6BD00090D7B /* WorkoutsController.swift */,
				7A7915D81E10BF3C00090D7B /* StartWorkoutController.swift */,
				7AEAE4C12033496C009EBCD5 /* DustParticleScene.swift */,
				7AC183FF1E20BB660019AB2F /* LiveWorkout */,
				7A4065441EDF4F890024724C /* StatsGroup */,
				7A84F9451DFE761D00A37C80 /* Main.storyboard */,
				7A1D21C21F6B721E00619231 /* Store.storyboard */,
				7A1D21AE1F645BCF00619231 /* Settings.storyboard */,
				7A1D21B11F648BC100619231 /* SettingsTableViewController.swift */,
				7A84F9481DFE761D00A37C80 /* Assets.xcassets */,
				7A84F94A1DFE761D00A37C80 /* LaunchScreen.storyboard */,
				7A84F94D1DFE761D00A37C80 /* Info.plist */,
			);
			path = Bloom;
			sourceTree = "<group>";
		};
		7A84F9551DFE761E00A37C80 /* BloomTests */ = {
			isa = PBXGroup;
			children = (
				7A84F9561DFE761E00A37C80 /* BloomTests.swift */,
				7A84F9581DFE761E00A37C80 /* Info.plist */,
			);
			path = BloomTests;
			sourceTree = SOURCE_ROOT;
		};
		7A84F95F1DFE761E00A37C80 /* Bloom WatchKit App */ = {
			isa = PBXGroup;
			children = (
				7A84F9601DFE761E00A37C80 /* Interface.storyboard */,
				7A84F9631DFE761E00A37C80 /* Assets.xcassets */,
				7A84F9651DFE761E00A37C80 /* Info.plist */,
			);
			path = "Bloom WatchKit App";
			sourceTree = "<group>";
		};
		7A84F96E1DFE761E00A37C80 /* Bloom WatchKit Extension */ = {
			isa = PBXGroup;
			children = (
				7ADD26591F2D537E00B434AF /* Services */,
				7ADD26521F2D4DBA00B434AF /* Bloom WatchKit Extension.entitlements */,
				7A0134881F07550500B13476 /* WatchConnectivity */,
				7A84F9711DFE761E00A37C80 /* InterfaceController.swift */,
				7A9CC9A01F0152C300ACE7ED /* WorkoutRowController.swift */,
				7A01348B1F087BC100B13476 /* StartInterfaceController.swift */,
				7A01348F1F08AFB900B13476 /* LiveWorkout */,
				7A84F9731DFE761E00A37C80 /* ExtensionDelegate.swift */,
				7A84F9751DFE761E00A37C80 /* NotificationController.swift */,
				7A84F9771DFE761F00A37C80 /* Assets.xcassets */,
				7A84F9791DFE761F00A37C80 /* Info.plist */,
				7ADD26551F2D4ECD00B434AF /* Shared */,
				7A84F96F1DFE761E00A37C80 /* Supporting Files */,
			);
			path = "Bloom WatchKit Extension";
			sourceTree = "<group>";
		};
		7A84F96F1DFE761E00A37C80 /* Supporting Files */ = {
			isa = PBXGroup;
			children = (
				7A84F9701DFE761E00A37C80 /* PushNotificationPayload.apns */,
			);
			name = "Supporting Files";
			sourceTree = "<group>";
		};
		7AC183FF1E20BB660019AB2F /* LiveWorkout */ = {
			isa = PBXGroup;
			children = (
				7A66583D1E46974C008B41FA /* Types.swift */,
				7A8396B41E18DE78006CE5FB /* LiveWorkoutController.swift */,
				7AC184001E20BBBB0019AB2F /* RecordLiveExcerciseController.swift */,
				7AC184021E20BBE80019AB2F /* LiveExcerciseListController.swift */,
				7ADD269C1F3ABEC700B434AF /* MapTracker */,
				7AC184061E20BC0B0019AB2F /* FinishLiveWorkoutController.swift */,
				7A1A7FFE1F42A4FA0013C5AC /* FinishedSummary */,
			);
			name = LiveWorkout;
			sourceTree = "<group>";
		};
		7ACBB5251E0A325800CE285A /* BloomUITests */ = {
			isa = PBXGroup;
			children = (
				7ACBB5261E0A325800CE285A /* BloomUITests.swift */,
				7ACBB5281E0A325800CE285A /* Info.plist */,
			);
			path = BloomUITests;
			sourceTree = "<group>";
		};
		7ADD264F1F2D4DAF00B434AF /* Frameworks */ = {
			isa = PBXGroup;
			children = (
				7A1D21B81F6B69B200619231 /* StoreKit.framework */,
				7A1A7FF01F3B64D70013C5AC /* MapKit.framework */,
				7ADD26531F2D4DBA00B434AF /* HealthKit.framework */,
				7ADD26501F2D4DAF00B434AF /* HealthKit.framework */,
				B8BB19AB18E10289449962FF /* libPods-Bloom.a */,
			);
			name = Frameworks;
			sourceTree = "<group>";
		};
		7ADD26551F2D4ECD00B434AF /* Shared */ = {
			isa = PBXGroup;
			children = (
				7ADD26561F2D4EF900B434AF /* HealthDataService.swift */,
				7ADD26621F2EECB400B434AF /* HealthDataService_Watch.swift */,
			);
			name = Shared;
			path = ..;
			sourceTree = "<group>";
		};
		7ADD26591F2D537E00B434AF /* Services */ = {
			isa = PBXGroup;
			children = (
				7ADD265A1F2D538B00B434AF /* WorkoutSessionService.swift */,
				7ADD265C1F2D53F700B434AF /* WorkoutSessionService_Queries.swift */,
			);
			name = Services;
			sourceTree = "<group>";
		};
		7ADD269C1F3ABEC700B434AF /* MapTracker */ = {
			isa = PBXGroup;
			children = (
				7AC184041E20BBF70019AB2F /* LiveMapViewController.swift */,
				7A1A7FF21F3B7D9A0013C5AC /* LocationManager.swift */,
				7A1A7FF41F3D586E0013C5AC /* StateAnnotation.swift */,
			);
			name = MapTracker;
			sourceTree = "<group>";
		};
		DE1C469CE057F4EF38A25E1F /* Pods */ = {
			isa = PBXGroup;
			children = (
				ED8B18BD00BA06D1248254F4 /* Pods-Bloom.debug.xcconfig */,
				D73CDD64A85C1A670D6455FE /* Pods-Bloom.release.xcconfig */,
			);
			name = Pods;
			sourceTree = "<group>";
		};
/* End PBXGroup section */

/* Begin PBXNativeTarget section */
		7A84F93D1DFE761D00A37C80 /* Bloom */ = {
			isa = PBXNativeTarget;
			buildConfigurationList = 7A84F9841DFE761F00A37C80 /* Build configuration list for PBXNativeTarget "Bloom" */;
			buildPhases = (
				9A791C6481887775C604B484 /* [CP] Check Pods Manifest.lock */,
				7A84F93A1DFE761D00A37C80 /* Sources */,
				7A84F93B1DFE761D00A37C80 /* Frameworks */,
				7A84F93C1DFE761D00A37C80 /* Resources */,
				7A84F9831DFE761F00A37C80 /* Embed Watch Content */,
				4D5A17E2FC170FC9CDE46A6B /* [CP] Embed Pods Frameworks */,
				AEB6FC2D2E1A9D387CD0A8EC /* [CP] Copy Pods Resources */,
			);
			buildRules = (
			);
			dependencies = (
				7A84F95E1DFE761E00A37C80 /* PBXTargetDependency */,
			);
			name = Bloom;
			productName = Bloom;
			productReference = 7A84F93E1DFE761D00A37C80 /* Bloom.app */;
			productType = "com.apple.product-type.application";
		};
		7A84F9511DFE761D00A37C80 /* BloomTests */ = {
			isa = PBXNativeTarget;
			buildConfigurationList = 7A84F9871DFE761F00A37C80 /* Build configuration list for PBXNativeTarget "BloomTests" */;
			buildPhases = (
				7A84F94E1DFE761D00A37C80 /* Sources */,
				7A84F94F1DFE761D00A37C80 /* Frameworks */,
				7A84F9501DFE761D00A37C80 /* Resources */,
			);
			buildRules = (
			);
			dependencies = (
				7A84F9541DFE761D00A37C80 /* PBXTargetDependency */,
			);
			name = BloomTests;
			productName = BloomTests;
			productReference = 7A84F9521DFE761D00A37C80 /* BloomTests.xctest */;
			productType = "com.apple.product-type.bundle.unit-test";
		};
		7A84F95A1DFE761E00A37C80 /* Bloom WatchKit App */ = {
			isa = PBXNativeTarget;
			buildConfigurationList = 7A84F9801DFE761F00A37C80 /* Build configuration list for PBXNativeTarget "Bloom WatchKit App" */;
			buildPhases = (
				7A84F9591DFE761E00A37C80 /* Resources */,
				7A84F97F1DFE761F00A37C80 /* Embed App Extensions */,
				41BBFEAFECECC34583DB8775 /* Frameworks */,
			);
			buildRules = (
			);
			dependencies = (
				7A84F96D1DFE761E00A37C80 /* PBXTargetDependency */,
			);
			name = "Bloom WatchKit App";
			productName = "Bloom WatchKit App";
			productReference = 7A84F95B1DFE761E00A37C80 /* Bloom WatchKit App.app */;
			productType = "com.apple.product-type.application.watchapp2";
		};
		7A84F9691DFE761E00A37C80 /* Bloom WatchKit Extension */ = {
			isa = PBXNativeTarget;
			buildConfigurationList = 7A84F97C1DFE761F00A37C80 /* Build configuration list for PBXNativeTarget "Bloom WatchKit Extension" */;
			buildPhases = (
				7A84F9661DFE761E00A37C80 /* Sources */,
				7A84F9671DFE761E00A37C80 /* Frameworks */,
				7A84F9681DFE761E00A37C80 /* Resources */,
			);
			buildRules = (
			);
			dependencies = (
			);
			name = "Bloom WatchKit Extension";
			productName = "Bloom WatchKit Extension";
			productReference = 7A84F96A1DFE761E00A37C80 /* Bloom WatchKit Extension.appex */;
			productType = "com.apple.product-type.watchkit2-extension";
		};
		7ACBB5231E0A325800CE285A /* BloomUITests */ = {
			isa = PBXNativeTarget;
			buildConfigurationList = 7ACBB52D1E0A325900CE285A /* Build configuration list for PBXNativeTarget "BloomUITests" */;
			buildPhases = (
				7ACBB5201E0A325800CE285A /* Sources */,
				7ACBB5211E0A325800CE285A /* Frameworks */,
				7ACBB5221E0A325800CE285A /* Resources */,
			);
			buildRules = (
			);
			dependencies = (
				7ACBB52A1E0A325800CE285A /* PBXTargetDependency */,
			);
			name = BloomUITests;
			productName = BloomUITests;
			productReference = 7ACBB5241E0A325800CE285A /* BloomUITests.xctest */;
			productType = "com.apple.product-type.bundle.ui-testing";
		};
/* End PBXNativeTarget section */

/* Begin PBXProject section */
		7A84F9361DFE761D00A37C80 /* Project object */ = {
			isa = PBXProject;
			attributes = {
				LastSwiftUpdateCheck = 0820;
				LastUpgradeCheck = 0900;
				ORGANIZATIONNAME = "Eric Hodgins";
				TargetAttributes = {
					7A84F93D1DFE761D00A37C80 = {
						CreatedOnToolsVersion = 8.1;
						DevelopmentTeam = E3QZ6M9437;
						LastSwiftMigration = 0900;
						ProvisioningStyle = Automatic;
						SystemCapabilities = {
							com.apple.BackgroundModes = {
								enabled = 1;
							};
							com.apple.HealthKit = {
								enabled = 1;
							};
							com.apple.InAppPurchase = {
								enabled = 1;
							};
							com.apple.Maps.iOS = {
								enabled = 1;
							};
						};
					};
					7A84F9511DFE761D00A37C80 = {
						CreatedOnToolsVersion = 8.1;
						DevelopmentTeam = E3QZ6M9437;
						LastSwiftMigration = 0900;
						ProvisioningStyle = Automatic;
						TestTargetID = 7A84F93D1DFE761D00A37C80;
					};
					7A84F95A1DFE761E00A37C80 = {
						CreatedOnToolsVersion = 8.1;
						DevelopmentTeam = E3QZ6M9437;
						ProvisioningStyle = Automatic;
					};
					7A84F9691DFE761E00A37C80 = {
						CreatedOnToolsVersion = 8.1;
						DevelopmentTeam = E3QZ6M9437;
						LastSwiftMigration = 0900;
						ProvisioningStyle = Automatic;
						SystemCapabilities = {
							com.apple.HealthKit.watchos = {
								enabled = 1;
							};
						};
					};
					7ACBB5231E0A325800CE285A = {
						CreatedOnToolsVersion = 8.2;
						DevelopmentTeam = E3QZ6M9437;
						LastSwiftMigration = 0900;
						ProvisioningStyle = Automatic;
						TestTargetID = 7A84F93D1DFE761D00A37C80;
					};
				};
			};
			buildConfigurationList = 7A84F9391DFE761D00A37C80 /* Build configuration list for PBXProject "Bloom" */;
			compatibilityVersion = "Xcode 3.2";
			developmentRegion = English;
			hasScannedForEncodings = 0;
			knownRegions = (
				en,
				Base,
			);
			mainGroup = 7A84F9351DFE761D00A37C80;
			productRefGroup = 7A84F93F1DFE761D00A37C80 /* Products */;
			projectDirPath = "";
			projectRoot = "";
			targets = (
				7A84F93D1DFE761D00A37C80 /* Bloom */,
				7A84F9511DFE761D00A37C80 /* BloomTests */,
				7A84F95A1DFE761E00A37C80 /* Bloom WatchKit App */,
				7A84F9691DFE761E00A37C80 /* Bloom WatchKit Extension */,
				7ACBB5231E0A325800CE285A /* BloomUITests */,
			);
		};
/* End PBXProject section */

/* Begin PBXResourcesBuildPhase section */
		7A84F93C1DFE761D00A37C80 /* Resources */ = {
			isa = PBXResourcesBuildPhase;
			buildActionMask = 2147483647;
			files = (
				7ACCF2E21EE99A00002B0865 /* spark.png in Resources */,
				7A84F94C1DFE761D00A37C80 /* LaunchScreen.storyboard in Resources */,
				7A1D21BE1F6B6B4700619231 /* products.plist in Resources */,
				7A84F9491DFE761D00A37C80 /* Assets.xcassets in Resources */,
				7A1D21C31F6B721E00619231 /* Store.storyboard in Resources */,
				7A1D21B01F645BCF00619231 /* Settings.storyboard in Resources */,
				7A450B031F7DF70000DA0843 /* DustParticles.sks in Resources */,
				7A2075E81F783936001C1A02 /* Podfile in Resources */,
				7A84F9471DFE761D00A37C80 /* Main.storyboard in Resources */,
				7A2075FF1F788A5A001C1A02 /* AppleIncRootCertificate.cer in Resources */,
				7A40654E1EE269A80024724C /* workoutJsonData.json in Resources */,
			);
			runOnlyForDeploymentPostprocessing = 0;
		};
		7A84F9501DFE761D00A37C80 /* Resources */ = {
			isa = PBXResourcesBuildPhase;
			buildActionMask = 2147483647;
			files = (
			);
			runOnlyForDeploymentPostprocessing = 0;
		};
		7A84F9591DFE761E00A37C80 /* Resources */ = {
			isa = PBXResourcesBuildPhase;
			buildActionMask = 2147483647;
			files = (
				7A84F9641DFE761E00A37C80 /* Assets.xcassets in Resources */,
				7A84F9621DFE761E00A37C80 /* Interface.storyboard in Resources */,
			);
			runOnlyForDeploymentPostprocessing = 0;
		};
		7A84F9681DFE761E00A37C80 /* Resources */ = {
			isa = PBXResourcesBuildPhase;
			buildActionMask = 2147483647;
			files = (
				7A84F9781DFE761F00A37C80 /* Assets.xcassets in Resources */,
			);
			runOnlyForDeploymentPostprocessing = 0;
		};
		7ACBB5221E0A325800CE285A /* Resources */ = {
			isa = PBXResourcesBuildPhase;
			buildActionMask = 2147483647;
			files = (
			);
			runOnlyForDeploymentPostprocessing = 0;
		};
/* End PBXResourcesBuildPhase section */

/* Begin PBXShellScriptBuildPhase section */
		4D5A17E2FC170FC9CDE46A6B /* [CP] Embed Pods Frameworks */ = {
			isa = PBXShellScriptBuildPhase;
			buildActionMask = 2147483647;
			files = (
			);
			inputPaths = (
			);
			name = "[CP] Embed Pods Frameworks";
			outputPaths = (
			);
			runOnlyForDeploymentPostprocessing = 0;
			shellPath = /bin/sh;
			shellScript = "\"${SRCROOT}/Pods/Target Support Files/Pods-Bloom/Pods-Bloom-frameworks.sh\"\n";
			showEnvVarsInLog = 0;
		};
		9A791C6481887775C604B484 /* [CP] Check Pods Manifest.lock */ = {
			isa = PBXShellScriptBuildPhase;
			buildActionMask = 2147483647;
			files = (
			);
			inputPaths = (
				"${PODS_PODFILE_DIR_PATH}/Podfile.lock",
				"${PODS_ROOT}/Manifest.lock",
			);
			name = "[CP] Check Pods Manifest.lock";
			outputPaths = (
				"$(DERIVED_FILE_DIR)/Pods-Bloom-checkManifestLockResult.txt",
			);
			runOnlyForDeploymentPostprocessing = 0;
			shellPath = /bin/sh;
			shellScript = "diff \"${PODS_PODFILE_DIR_PATH}/Podfile.lock\" \"${PODS_ROOT}/Manifest.lock\" > /dev/null\nif [ $? != 0 ] ; then\n    # print error to STDERR\n    echo \"error: The sandbox is not in sync with the Podfile.lock. Run 'pod install' or update your CocoaPods installation.\" >&2\n    exit 1\nfi\n# This output is used by Xcode 'outputs' to avoid re-running this script phase.\necho \"SUCCESS\" > \"${SCRIPT_OUTPUT_FILE_0}\"\n";
			showEnvVarsInLog = 0;
		};
		AEB6FC2D2E1A9D387CD0A8EC /* [CP] Copy Pods Resources */ = {
			isa = PBXShellScriptBuildPhase;
			buildActionMask = 2147483647;
			files = (
			);
			inputPaths = (
			);
			name = "[CP] Copy Pods Resources";
			outputPaths = (
			);
			runOnlyForDeploymentPostprocessing = 0;
			shellPath = /bin/sh;
			shellScript = "\"${SRCROOT}/Pods/Target Support Files/Pods-Bloom/Pods-Bloom-resources.sh\"\n";
			showEnvVarsInLog = 0;
		};
/* End PBXShellScriptBuildPhase section */

/* Begin PBXSourcesBuildPhase section */
		7A84F93A1DFE761D00A37C80 /* Sources */ = {
			isa = PBXSourcesBuildPhase;
			buildActionMask = 2147483647;
			files = (
				7A6B9BBD1EDA8BCE00E05D04 /* CoreDataTest.swift in Sources */,
				7AEAE4C22033496D009EBCD5 /* DustParticleScene.swift in Sources */,
				7A2075FD1F784182001C1A02 /* ParsedReceipt.swift in Sources */,
				7A5346831E1A03610067E982 /* HeartBeatView.swift in Sources */,
				7A6CC8041F92A45F00E38DB4 /* MetalTypes.swift in Sources */,
				7A9CC8FA1EF6F4E600ACE7ED /* HeartView.swift in Sources */,
				7A38C3F91EE5A0FC000F0AB7 /* BloomFilter.swift in Sources */,
				7ADD26911F3508F900B434AF /* FinishScene.swift in Sources */,
				7ADD268D1F35074E00B434AF /* LensFlare.swift in Sources */,
				7A6CC8001F92A40A00E38DB4 /* Node.swift in Sources */,
				7A1E13E61E05FCF100330EFB /* GenericBloomButton.swift in Sources */,
				7A66583E1E46974C008B41FA /* Types.swift in Sources */,
				7A7FD8041F51ED5200B87269 /* AlertManager.swift in Sources */,
				7A7FD82B1F58F26C00B87269 /* FindViewManager.swift in Sources */,
				7A450AFF1F79E76B00DA0843 /* CSVExporter.swift in Sources */,
				7AC184071E20BC0B0019AB2F /* FinishLiveWorkoutController.swift in Sources */,
				7A43241C1EDDB0BD00BE9009 /* GraphView.swift in Sources */,
				7A4065481EDF51490024724C /* SummaryViewController.swift in Sources */,
				7A30CD851E03B0F0007C2F69 /* CreateWorkoutButton.swift in Sources */,
				7AC184031E20BBE80019AB2F /* LiveExcerciseListController.swift in Sources */,
				7A7FD82F1F5A339700B87269 /* FindAndCreateViewManager.swift in Sources */,
				7A4065461EDF4FB00024724C /* GraphViewController.swift in Sources */,
				7A84F9441DFE761D00A37C80 /* MainViewController.swift in Sources */,
				7A7915D71E10A6BD00090D7B /* WorkoutsController.swift in Sources */,
				7A2075F91F784177001C1A02 /* ReceiptLoader.swift in Sources */,
				7A2075FE1F784185001C1A02 /* pkcs7_union_accessors.c in Sources */,
				7A6CC80A1F92A58100E38DB4 /* StartWorkoutScene.swift in Sources */,
				7A1A7FFD1F40FC1F0013C5AC /* MultiColorPolyLine.swift in Sources */,
				7A7915DB1E10CA9000090D7B /* StartButton.swift in Sources */,
				7AA8612B1E0F19DE0054B443 /* Bloom.xcdatamodeld in Sources */,
				7A9432FF1E08DD4300A1AE9A /* AddExcerciseView.swift in Sources */,
				7A84F9421DFE761D00A37C80 /* AppDelegate.swift in Sources */,
				7A2075FC1F78417F001C1A02 /* ReceiptValidator.swift in Sources */,
				7A2075F71F784170001C1A02 /* ReceiptExtractor.swift in Sources */,
				7A1D21BC1F6B6A9E00619231 /* IAPManager.swift in Sources */,
				7A1A7FF51F3D586E0013C5AC /* StateAnnotation.swift in Sources */,
				7A7915D91E10BF3C00090D7B /* StartWorkoutController.swift in Sources */,
				7AEAE4C42046EBE5009EBCD5 /* LiveExcerciseCell.swift in Sources */,
				7A2075F81F784174001C1A02 /* ReceiptFetcher.swift in Sources */,
				7A68C7F31E11EE0500F6023A /* EditWorkoutButton.swift in Sources */,
				7ADD268F1F35084000B434AF /* FinishSummaryController.swift in Sources */,
				7A1D21B21F648BC100619231 /* SettingsTableViewController.swift in Sources */,
				7AB6131C1E403B7F00EEAC38 /* RecordLiveStatView.swift in Sources */,
				7AB6131A1E4035AD00EEAC38 /* BaseBloomView.swift in Sources */,
				7A7FD8371F5C9E4300B87269 /* Validate.swift in Sources */,
				7A6CC80C1F92A5D900E38DB4 /* Renderer.swift in Sources */,
				7A6CC8081F92A57100E38DB4 /* Scene.swift in Sources */,
				7A7D94B51EF1003800609B88 /* WorkoutDetailController.swift in Sources */,
				7A7FD8311F5B649800B87269 /* CreateDataManager.swift in Sources */,
				7A7FD82D1F58F27700B87269 /* CreateViewManager.swift in Sources */,
				7A2075FA1F78417A001C1A02 /* ReceiptParser.swift in Sources */,
				7AC184011E20BBBB0019AB2F /* RecordLiveExcerciseController.swift in Sources */,
				7A7E6A7D1E1B545100D2AEDB /* LiveWorkoutTableViewCell.swift in Sources */,
				7A1A7FFB1F40DAB60013C5AC /* MapRouteDetailController.swift in Sources */,
				7A7FD8291F58F1D700B87269 /* AddExcerciseViewManager.swift in Sources */,
				7A1A80001F42AC130013C5AC /* WorkoutSummary.swift in Sources */,
				7A8396B51E18DE78006CE5FB /* LiveWorkoutController.swift in Sources */,
				7A4065501EE2E9520024724C /* ExcercisesController.swift in Sources */,
				7A08C5F51F1483CC007DFD38 /* WorkoutSessionManager.swift in Sources */,
				7A0134861F0694D500B13476 /* PhoneConnectivityManager.swift in Sources */,
				7ADD268B1F32913200B434AF /* HeartBeatGraphController.swift in Sources */,
				7A1D21B71F68E63400619231 /* BloomTextfieldManager.swift in Sources */,
				7A1D21C51F6B72E500619231 /* StoreController.swift in Sources */,
				7A2075F61F78416E001C1A02 /* DecodingHelpers.swift in Sources */,
				7A6CC80E1F92A62100E38DB4 /* Shader.metal in Sources */,
				7A1D21A31F60F7E700619231 /* ExcerciseProxy.swift in Sources */,
				7AA861281E0F17510054B443 /* CoreDataStack.swift in Sources */,
				7A4065521EE33BE50024724C /* FilterGraphController.swift in Sources */,
				7A7FD8271F58F1A200B87269 /* NameWorkoutViewManager.swift in Sources */,
				7A1E13EB1E06185B00330EFB /* CreateWorkoutController.swift in Sources */,
				7A1E13E41E05FCC400330EFB /* BeginWorkoutButton.swift in Sources */,
				7ADD25F91F23CF6E00B434AF /* Utils.swift in Sources */,
				7A764CED1E16EFF400736446 /* LayerExtension.swift in Sources */,
				7A2075FB1F78417D001C1A02 /* ReceiptSignatureValidator.swift in Sources */,
				7A7FD8251F58EFCA00B87269 /* CreateController.swift in Sources */,
				7A764CEB1E16EF1300736446 /* RingLayer.swift in Sources */,
				7A1E13EE1E06197900330EFB /* GradientView.swift in Sources */,
				7AC184051E20BBF70019AB2F /* LiveMapViewController.swift in Sources */,
				7ADD26581F2D4EFF00B434AF /* HealthDataService.swift in Sources */,
				7A1E13E81E06124300330EFB /* StatsButton.swift in Sources */,
				7A1A7FF31F3B7D9A0013C5AC /* LocationManager.swift in Sources */,
				7A9CC8FC1EF71D6300ACE7ED /* HeartLineView.swift in Sources */,
				7A83F94D1E1228FC00451BBA /* CountDownView.swift in Sources */,
				7A6CC8021F92A43500E38DB4 /* Plane.swift in Sources */,
			);
			runOnlyForDeploymentPostprocessing = 0;
		};
		7A84F94E1DFE761D00A37C80 /* Sources */ = {
			isa = PBXSourcesBuildPhase;
			buildActionMask = 2147483647;
			files = (
				7A84F9571DFE761E00A37C80 /* BloomTests.swift in Sources */,
			);
			runOnlyForDeploymentPostprocessing = 0;
		};
		7A84F9661DFE761E00A37C80 /* Sources */ = {
			isa = PBXSourcesBuildPhase;
			buildActionMask = 2147483647;
			files = (
				7A01348E1F0883E100B13476 /* FinishInterfaceController.swift in Sources */,
				7A01348A1F08745B00B13476 /* WorkoutManager.swift in Sources */,
				7A01348C1F087BC100B13476 /* StartInterfaceController.swift in Sources */,
				7ADD26631F2EECB400B434AF /* HealthDataService_Watch.swift in Sources */,
				7A84F9761DFE761E00A37C80 /* NotificationController.swift in Sources */,
				7A9CC9A11F0152C300ACE7ED /* WorkoutRowController.swift in Sources */,
				7ADD265B1F2D538B00B434AF /* WorkoutSessionService.swift in Sources */,
				7AE2039B1FAA58A700EA86AC /* ActiveExcercise.swift in Sources */,
				7A84F9741DFE761E00A37C80 /* ExtensionDelegate.swift in Sources */,
				7A0134831F0693E300B13476 /* WatchConnectivityManager.swift in Sources */,
				7ADD265D1F2D53F700B434AF /* WorkoutSessionService_Queries.swift in Sources */,
				7ADD26571F2D4EF900B434AF /* HealthDataService.swift in Sources */,
				7A9CC9AB1F02152A00ACE7ED /* Bloom.xcdatamodeld in Sources */,
				7A0134B71F0C9EC600B13476 /* RepsWeightController.swift in Sources */,
				7A9CC99F1F003EF300ACE7ED /* WatchLiveWorkoutController.swift in Sources */,
				7A84F9721DFE761E00A37C80 /* InterfaceController.swift in Sources */,
			);
			runOnlyForDeploymentPostprocessing = 0;
		};
		7ACBB5201E0A325800CE285A /* Sources */ = {
			isa = PBXSourcesBuildPhase;
			buildActionMask = 2147483647;
			files = (
				7ACBB5271E0A325800CE285A /* BloomUITests.swift in Sources */,
			);
			runOnlyForDeploymentPostprocessing = 0;
		};
/* End PBXSourcesBuildPhase section */

/* Begin PBXTargetDependency section */
		7A84F9541DFE761D00A37C80 /* PBXTargetDependency */ = {
			isa = PBXTargetDependency;
			target = 7A84F93D1DFE761D00A37C80 /* Bloom */;
			targetProxy = 7A84F9531DFE761D00A37C80 /* PBXContainerItemProxy */;
		};
		7A84F95E1DFE761E00A37C80 /* PBXTargetDependency */ = {
			isa = PBXTargetDependency;
			target = 7A84F95A1DFE761E00A37C80 /* Bloom WatchKit App */;
			targetProxy = 7A84F95D1DFE761E00A37C80 /* PBXContainerItemProxy */;
		};
		7A84F96D1DFE761E00A37C80 /* PBXTargetDependency */ = {
			isa = PBXTargetDependency;
			target = 7A84F9691DFE761E00A37C80 /* Bloom WatchKit Extension */;
			targetProxy = 7A84F96C1DFE761E00A37C80 /* PBXContainerItemProxy */;
		};
		7ACBB52A1E0A325800CE285A /* PBXTargetDependency */ = {
			isa = PBXTargetDependency;
			target = 7A84F93D1DFE761D00A37C80 /* Bloom */;
			targetProxy = 7ACBB5291E0A325800CE285A /* PBXContainerItemProxy */;
		};
/* End PBXTargetDependency section */

/* Begin PBXVariantGroup section */
		7A1D21AE1F645BCF00619231 /* Settings.storyboard */ = {
			isa = PBXVariantGroup;
			children = (
				7A1D21AF1F645BCF00619231 /* Base */,
			);
			name = Settings.storyboard;
			sourceTree = "<group>";
		};
		7A84F9451DFE761D00A37C80 /* Main.storyboard */ = {
			isa = PBXVariantGroup;
			children = (
				7A84F9461DFE761D00A37C80 /* Base */,
			);
			name = Main.storyboard;
			sourceTree = "<group>";
		};
		7A84F94A1DFE761D00A37C80 /* LaunchScreen.storyboard */ = {
			isa = PBXVariantGroup;
			children = (
				7A84F94B1DFE761D00A37C80 /* Base */,
			);
			name = LaunchScreen.storyboard;
			sourceTree = "<group>";
		};
		7A84F9601DFE761E00A37C80 /* Interface.storyboard */ = {
			isa = PBXVariantGroup;
			children = (
				7A84F9611DFE761E00A37C80 /* Base */,
			);
			name = Interface.storyboard;
			sourceTree = "<group>";
		};
/* End PBXVariantGroup section */

/* Begin XCBuildConfiguration section */
		7A84F97A1DFE761F00A37C80 /* Debug */ = {
			isa = XCBuildConfiguration;
			buildSettings = {
				ALWAYS_SEARCH_USER_PATHS = NO;
				CLANG_ANALYZER_NONNULL = YES;
				CLANG_CXX_LANGUAGE_STANDARD = "gnu++0x";
				CLANG_CXX_LIBRARY = "libc++";
				CLANG_ENABLE_MODULES = YES;
				CLANG_ENABLE_OBJC_ARC = YES;
				CLANG_WARN_BLOCK_CAPTURE_AUTORELEASING = YES;
				CLANG_WARN_BOOL_CONVERSION = YES;
				CLANG_WARN_COMMA = YES;
				CLANG_WARN_CONSTANT_CONVERSION = YES;
				CLANG_WARN_DIRECT_OBJC_ISA_USAGE = YES_ERROR;
				CLANG_WARN_DOCUMENTATION_COMMENTS = YES;
				CLANG_WARN_EMPTY_BODY = YES;
				CLANG_WARN_ENUM_CONVERSION = YES;
				CLANG_WARN_INFINITE_RECURSION = YES;
				CLANG_WARN_INT_CONVERSION = YES;
				CLANG_WARN_NON_LITERAL_NULL_CONVERSION = YES;
				CLANG_WARN_OBJC_LITERAL_CONVERSION = YES;
				CLANG_WARN_OBJC_ROOT_CLASS = YES_ERROR;
				CLANG_WARN_RANGE_LOOP_ANALYSIS = YES;
				CLANG_WARN_STRICT_PROTOTYPES = YES;
				CLANG_WARN_SUSPICIOUS_MOVE = YES;
				CLANG_WARN_SUSPICIOUS_MOVES = YES;
				CLANG_WARN_UNREACHABLE_CODE = YES;
				CLANG_WARN__DUPLICATE_METHOD_MATCH = YES;
				CODE_SIGN_IDENTITY = "iPhone Distribution";
				"CODE_SIGN_IDENTITY[sdk=*]" = "iPhone Developer";
				"CODE_SIGN_IDENTITY[sdk=iphoneos*]" = "iPhone Developer";
				COPY_PHASE_STRIP = NO;
				DEBUG_INFORMATION_FORMAT = dwarf;
				ENABLE_BITCODE = NO;
				ENABLE_STRICT_OBJC_MSGSEND = YES;
				ENABLE_TESTABILITY = YES;
				GCC_C_LANGUAGE_STANDARD = gnu99;
				GCC_DYNAMIC_NO_PIC = NO;
				GCC_NO_COMMON_BLOCKS = YES;
				GCC_OPTIMIZATION_LEVEL = 0;
				GCC_PREPROCESSOR_DEFINITIONS = (
					"DEBUG=1",
					"$(inherited)",
				);
				GCC_WARN_64_TO_32_BIT_CONVERSION = YES;
				GCC_WARN_ABOUT_RETURN_TYPE = YES_ERROR;
				GCC_WARN_UNDECLARED_SELECTOR = YES;
				GCC_WARN_UNINITIALIZED_AUTOS = YES_AGGRESSIVE;
				GCC_WARN_UNUSED_FUNCTION = YES;
				GCC_WARN_UNUSED_VARIABLE = YES;
				IPHONEOS_DEPLOYMENT_TARGET = 10.3;
				MTL_ENABLE_DEBUG_INFO = YES;
				ONLY_ACTIVE_ARCH = YES;
				SDKROOT = iphoneos;
				SWIFT_ACTIVE_COMPILATION_CONDITIONS = DEBUG;
				SWIFT_OPTIMIZATION_LEVEL = "-Onone";
			};
			name = Debug;
		};
		7A84F97B1DFE761F00A37C80 /* Release */ = {
			isa = XCBuildConfiguration;
			buildSettings = {
				ALWAYS_SEARCH_USER_PATHS = NO;
				CLANG_ANALYZER_NONNULL = YES;
				CLANG_CXX_LANGUAGE_STANDARD = "gnu++0x";
				CLANG_CXX_LIBRARY = "libc++";
				CLANG_ENABLE_MODULES = YES;
				CLANG_ENABLE_OBJC_ARC = YES;
				CLANG_WARN_BLOCK_CAPTURE_AUTORELEASING = YES;
				CLANG_WARN_BOOL_CONVERSION = YES;
				CLANG_WARN_COMMA = YES;
				CLANG_WARN_CONSTANT_CONVERSION = YES;
				CLANG_WARN_DIRECT_OBJC_ISA_USAGE = YES_ERROR;
				CLANG_WARN_DOCUMENTATION_COMMENTS = YES;
				CLANG_WARN_EMPTY_BODY = YES;
				CLANG_WARN_ENUM_CONVERSION = YES;
				CLANG_WARN_INFINITE_RECURSION = YES;
				CLANG_WARN_INT_CONVERSION = YES;
				CLANG_WARN_NON_LITERAL_NULL_CONVERSION = YES;
				CLANG_WARN_OBJC_LITERAL_CONVERSION = YES;
				CLANG_WARN_OBJC_ROOT_CLASS = YES_ERROR;
				CLANG_WARN_RANGE_LOOP_ANALYSIS = YES;
				CLANG_WARN_STRICT_PROTOTYPES = YES;
				CLANG_WARN_SUSPICIOUS_MOVE = YES;
				CLANG_WARN_SUSPICIOUS_MOVES = YES;
				CLANG_WARN_UNREACHABLE_CODE = YES;
				CLANG_WARN__DUPLICATE_METHOD_MATCH = YES;
				CODE_SIGN_IDENTITY = "iPhone Distribution";
				"CODE_SIGN_IDENTITY[sdk=iphoneos*]" = "iPhone Distribution";
				COPY_PHASE_STRIP = NO;
				DEBUG_INFORMATION_FORMAT = "dwarf-with-dsym";
				ENABLE_BITCODE = NO;
				ENABLE_NS_ASSERTIONS = NO;
				ENABLE_STRICT_OBJC_MSGSEND = YES;
				GCC_C_LANGUAGE_STANDARD = gnu99;
				GCC_NO_COMMON_BLOCKS = YES;
				GCC_WARN_64_TO_32_BIT_CONVERSION = YES;
				GCC_WARN_ABOUT_RETURN_TYPE = YES_ERROR;
				GCC_WARN_UNDECLARED_SELECTOR = YES;
				GCC_WARN_UNINITIALIZED_AUTOS = YES_AGGRESSIVE;
				GCC_WARN_UNUSED_FUNCTION = YES;
				GCC_WARN_UNUSED_VARIABLE = YES;
				IPHONEOS_DEPLOYMENT_TARGET = 10.3;
				MTL_ENABLE_DEBUG_INFO = NO;
				SDKROOT = iphoneos;
				SWIFT_OPTIMIZATION_LEVEL = "-Owholemodule";
				VALIDATE_PRODUCT = YES;
			};
			name = Release;
		};
		7A84F97D1DFE761F00A37C80 /* Debug */ = {
			isa = XCBuildConfiguration;
			buildSettings = {
				ASSETCATALOG_COMPILER_COMPLICATION_NAME = Complication;
				CODE_SIGN_ENTITLEMENTS = "Bloom WatchKit Extension/Bloom WatchKit Extension.entitlements";
				"CODE_SIGN_IDENTITY[sdk=watchos*]" = "iPhone Developer";
				DEVELOPMENT_TEAM = E3QZ6M9437;
				ENABLE_BITCODE = YES;
				INFOPLIST_FILE = "Bloom WatchKit Extension/Info.plist";
				LD_RUNPATH_SEARCH_PATHS = "$(inherited) @executable_path/Frameworks @executable_path/../../Frameworks";
				PRODUCT_BUNDLE_IDENTIFIER = com.hodginsEric.Bloom.V1.0.0.watchkitapp.watchkitextension;
				PRODUCT_NAME = "${TARGET_NAME}";
				PROVISIONING_PROFILE_SPECIFIER = "";
				SDKROOT = watchos;
				SKIP_INSTALL = YES;
				SWIFT_SWIFT3_OBJC_INFERENCE = Default;
				SWIFT_VERSION = 4.0;
				TARGETED_DEVICE_FAMILY = 4;
				WATCHOS_DEPLOYMENT_TARGET = 4.0;
			};
			name = Debug;
		};
		7A84F97E1DFE761F00A37C80 /* Release */ = {
			isa = XCBuildConfiguration;
			buildSettings = {
				ASSETCATALOG_COMPILER_COMPLICATION_NAME = Complication;
				CODE_SIGN_ENTITLEMENTS = "Bloom WatchKit Extension/Bloom WatchKit Extension.entitlements";
				"CODE_SIGN_IDENTITY[sdk=watchos*]" = "iPhone Developer";
				DEVELOPMENT_TEAM = E3QZ6M9437;
				ENABLE_BITCODE = YES;
				INFOPLIST_FILE = "Bloom WatchKit Extension/Info.plist";
				LD_RUNPATH_SEARCH_PATHS = "$(inherited) @executable_path/Frameworks @executable_path/../../Frameworks";
				PRODUCT_BUNDLE_IDENTIFIER = com.hodginsEric.Bloom.V1.0.0.watchkitapp.watchkitextension;
				PRODUCT_NAME = "${TARGET_NAME}";
				PROVISIONING_PROFILE_SPECIFIER = "";
				SDKROOT = watchos;
				SKIP_INSTALL = YES;
				SWIFT_SWIFT3_OBJC_INFERENCE = Default;
				SWIFT_VERSION = 4.0;
				TARGETED_DEVICE_FAMILY = 4;
				WATCHOS_DEPLOYMENT_TARGET = 4.0;
			};
			name = Release;
		};
		7A84F9811DFE761F00A37C80 /* Debug */ = {
			isa = XCBuildConfiguration;
			buildSettings = {
				ALWAYS_EMBED_SWIFT_STANDARD_LIBRARIES = YES;
				ASSETCATALOG_COMPILER_APPICON_NAME = AppIcon;
				"CODE_SIGN_IDENTITY[sdk=watchos*]" = "iPhone Developer";
				DEVELOPMENT_TEAM = E3QZ6M9437;
				ENABLE_BITCODE = YES;
				IBSC_MODULE = Bloom_WatchKit_Extension;
				INFOPLIST_FILE = "Bloom WatchKit App/Info.plist";
				PRODUCT_BUNDLE_IDENTIFIER = com.hodginsEric.Bloom.V1.0.0.watchkitapp;
				PRODUCT_NAME = "$(TARGET_NAME)";
				PROVISIONING_PROFILE_SPECIFIER = "";
				SDKROOT = watchos;
				SKIP_INSTALL = YES;
				SWIFT_VERSION = 3.0;
				TARGETED_DEVICE_FAMILY = 4;
				WATCHOS_DEPLOYMENT_TARGET = 4.0;
			};
			name = Debug;
		};
		7A84F9821DFE761F00A37C80 /* Release */ = {
			isa = XCBuildConfiguration;
			buildSettings = {
				ALWAYS_EMBED_SWIFT_STANDARD_LIBRARIES = YES;
				ASSETCATALOG_COMPILER_APPICON_NAME = AppIcon;
				"CODE_SIGN_IDENTITY[sdk=watchos*]" = "iPhone Developer";
				DEVELOPMENT_TEAM = E3QZ6M9437;
				ENABLE_BITCODE = YES;
				IBSC_MODULE = Bloom_WatchKit_Extension;
				INFOPLIST_FILE = "Bloom WatchKit App/Info.plist";
				PRODUCT_BUNDLE_IDENTIFIER = com.hodginsEric.Bloom.V1.0.0.watchkitapp;
				PRODUCT_NAME = "$(TARGET_NAME)";
				PROVISIONING_PROFILE_SPECIFIER = "";
				SDKROOT = watchos;
				SKIP_INSTALL = YES;
				SWIFT_VERSION = 3.0;
				TARGETED_DEVICE_FAMILY = 4;
				WATCHOS_DEPLOYMENT_TARGET = 4.0;
			};
			name = Release;
		};
		7A84F9851DFE761F00A37C80 /* Debug */ = {
			isa = XCBuildConfiguration;
			baseConfigurationReference = ED8B18BD00BA06D1248254F4 /* Pods-Bloom.debug.xcconfig */;
			buildSettings = {
				ASSETCATALOG_COMPILER_APPICON_NAME = AppIcon;
				CLANG_ENABLE_MODULES = YES;
				CODE_SIGN_ENTITLEMENTS = Bloom/Bloom.entitlements;
				"CODE_SIGN_IDENTITY[sdk=iphoneos*]" = "iPhone Developer";
				DEVELOPMENT_TEAM = E3QZ6M9437;
				ENABLE_BITCODE = NO;
				INFOPLIST_FILE = Bloom/Info.plist;
				IPHONEOS_DEPLOYMENT_TARGET = 10.3;
				LD_RUNPATH_SEARCH_PATHS = "$(inherited) @executable_path/Frameworks";
				PRODUCT_BUNDLE_IDENTIFIER = com.hodginsEric.Bloom.V1.0.0;
				PRODUCT_NAME = "$(TARGET_NAME)";
				PROVISIONING_PROFILE_SPECIFIER = "";
				SWIFT_OBJC_BRIDGING_HEADER = "Bloom/Bloom-Bridging-Header.h";
				SWIFT_OPTIMIZATION_LEVEL = "-Onone";
				SWIFT_SWIFT3_OBJC_INFERENCE = Default;
				SWIFT_VERSION = 4.0;
			};
			name = Debug;
		};
		7A84F9861DFE761F00A37C80 /* Release */ = {
			isa = XCBuildConfiguration;
			baseConfigurationReference = D73CDD64A85C1A670D6455FE /* Pods-Bloom.release.xcconfig */;
			buildSettings = {
				ASSETCATALOG_COMPILER_APPICON_NAME = AppIcon;
				CLANG_ENABLE_MODULES = YES;
				CODE_SIGN_ENTITLEMENTS = Bloom/Bloom.entitlements;
				"CODE_SIGN_IDENTITY[sdk=iphoneos*]" = "iPhone Developer";
				DEVELOPMENT_TEAM = E3QZ6M9437;
				ENABLE_BITCODE = NO;
				INFOPLIST_FILE = Bloom/Info.plist;
				IPHONEOS_DEPLOYMENT_TARGET = 10.3;
				LD_RUNPATH_SEARCH_PATHS = "$(inherited) @executable_path/Frameworks";
				PRODUCT_BUNDLE_IDENTIFIER = com.hodginsEric.Bloom.V1.0.0;
				PRODUCT_NAME = "$(TARGET_NAME)";
				PROVISIONING_PROFILE_SPECIFIER = "";
				SWIFT_OBJC_BRIDGING_HEADER = "Bloom/Bloom-Bridging-Header.h";
				SWIFT_SWIFT3_OBJC_INFERENCE = Default;
				SWIFT_VERSION = 4.0;
			};
			name = Release;
		};
		7A84F9881DFE761F00A37C80 /* Debug */ = {
			isa = XCBuildConfiguration;
			buildSettings = {
				ALWAYS_EMBED_SWIFT_STANDARD_LIBRARIES = YES;
				BUNDLE_LOADER = "$(TEST_HOST)";
				DEVELOPMENT_TEAM = E3QZ6M9437;
				INFOPLIST_FILE = BloomTests/Info.plist;
				LD_RUNPATH_SEARCH_PATHS = "$(inherited) @executable_path/Frameworks @loader_path/Frameworks";
				PRODUCT_BUNDLE_IDENTIFIER = com.hodginsEric.BloomTests;
				PRODUCT_NAME = "$(TARGET_NAME)";
				SWIFT_SWIFT3_OBJC_INFERENCE = Default;
				SWIFT_VERSION = 4.0;
				TEST_HOST = "$(BUILT_PRODUCTS_DIR)/Bloom.app/Bloom";
			};
			name = Debug;
		};
		7A84F9891DFE761F00A37C80 /* Release */ = {
			isa = XCBuildConfiguration;
			buildSettings = {
				ALWAYS_EMBED_SWIFT_STANDARD_LIBRARIES = YES;
				BUNDLE_LOADER = "$(TEST_HOST)";
				DEVELOPMENT_TEAM = E3QZ6M9437;
				INFOPLIST_FILE = BloomTests/Info.plist;
				LD_RUNPATH_SEARCH_PATHS = "$(inherited) @executable_path/Frameworks @loader_path/Frameworks";
				PRODUCT_BUNDLE_IDENTIFIER = com.hodginsEric.BloomTests;
				PRODUCT_NAME = "$(TARGET_NAME)";
				SWIFT_SWIFT3_OBJC_INFERENCE = Default;
				SWIFT_VERSION = 4.0;
				TEST_HOST = "$(BUILT_PRODUCTS_DIR)/Bloom.app/Bloom";
			};
			name = Release;
		};
		7ACBB52B1E0A325900CE285A /* Debug */ = {
			isa = XCBuildConfiguration;
			buildSettings = {
				CLANG_WARN_SUSPICIOUS_MOVE = YES;
				DEVELOPMENT_TEAM = E3QZ6M9437;
				INFOPLIST_FILE = BloomUITests/Info.plist;
				IPHONEOS_DEPLOYMENT_TARGET = 10.2;
				LD_RUNPATH_SEARCH_PATHS = "$(inherited) @executable_path/Frameworks @loader_path/Frameworks";
				PRODUCT_BUNDLE_IDENTIFIER = com.hodginsEric.BloomUITests;
				PRODUCT_NAME = "$(TARGET_NAME)";
				SWIFT_SWIFT3_OBJC_INFERENCE = Default;
				SWIFT_VERSION = 4.0;
				TEST_TARGET_NAME = Bloom;
			};
			name = Debug;
		};
		7ACBB52C1E0A325900CE285A /* Release */ = {
			isa = XCBuildConfiguration;
			buildSettings = {
				CLANG_WARN_SUSPICIOUS_MOVE = YES;
				DEVELOPMENT_TEAM = E3QZ6M9437;
				INFOPLIST_FILE = BloomUITests/Info.plist;
				IPHONEOS_DEPLOYMENT_TARGET = 10.2;
				LD_RUNPATH_SEARCH_PATHS = "$(inherited) @executable_path/Frameworks @loader_path/Frameworks";
				PRODUCT_BUNDLE_IDENTIFIER = com.hodginsEric.BloomUITests;
				PRODUCT_NAME = "$(TARGET_NAME)";
				SWIFT_SWIFT3_OBJC_INFERENCE = Default;
				SWIFT_VERSION = 4.0;
				TEST_TARGET_NAME = Bloom;
			};
			name = Release;
		};
/* End XCBuildConfiguration section */

/* Begin XCConfigurationList section */
		7A84F9391DFE761D00A37C80 /* Build configuration list for PBXProject "Bloom" */ = {
			isa = XCConfigurationList;
			buildConfigurations = (
				7A84F97A1DFE761F00A37C80 /* Debug */,
				7A84F97B1DFE761F00A37C80 /* Release */,
			);
			defaultConfigurationIsVisible = 0;
			defaultConfigurationName = Release;
		};
		7A84F97C1DFE761F00A37C80 /* Build configuration list for PBXNativeTarget "Bloom WatchKit Extension" */ = {
			isa = XCConfigurationList;
			buildConfigurations = (
				7A84F97D1DFE761F00A37C80 /* Debug */,
				7A84F97E1DFE761F00A37C80 /* Release */,
			);
			defaultConfigurationIsVisible = 0;
			defaultConfigurationName = Release;
		};
		7A84F9801DFE761F00A37C80 /* Build configuration list for PBXNativeTarget "Bloom WatchKit App" */ = {
			isa = XCConfigurationList;
			buildConfigurations = (
				7A84F9811DFE761F00A37C80 /* Debug */,
				7A84F9821DFE761F00A37C80 /* Release */,
			);
			defaultConfigurationIsVisible = 0;
			defaultConfigurationName = Release;
		};
		7A84F9841DFE761F00A37C80 /* Build configuration list for PBXNativeTarget "Bloom" */ = {
			isa = XCConfigurationList;
			buildConfigurations = (
				7A84F9851DFE761F00A37C80 /* Debug */,
				7A84F9861DFE761F00A37C80 /* Release */,
			);
			defaultConfigurationIsVisible = 0;
			defaultConfigurationName = Release;
		};
		7A84F9871DFE761F00A37C80 /* Build configuration list for PBXNativeTarget "BloomTests" */ = {
			isa = XCConfigurationList;
			buildConfigurations = (
				7A84F9881DFE761F00A37C80 /* Debug */,
				7A84F9891DFE761F00A37C80 /* Release */,
			);
			defaultConfigurationIsVisible = 0;
			defaultConfigurationName = Release;
		};
		7ACBB52D1E0A325900CE285A /* Build configuration list for PBXNativeTarget "BloomUITests" */ = {
			isa = XCConfigurationList;
			buildConfigurations = (
				7ACBB52B1E0A325900CE285A /* Debug */,
				7ACBB52C1E0A325900CE285A /* Release */,
			);
			defaultConfigurationIsVisible = 0;
			defaultConfigurationName = Release;
		};
/* End XCConfigurationList section */

/* Begin XCVersionGroup section */
		7AA861291E0F19DE0054B443 /* Bloom.xcdatamodeld */ = {
			isa = XCVersionGroup;
			children = (
				7AA8612A1E0F19DE0054B443 /* Bloom.xcdatamodel */,
			);
			currentVersion = 7AA8612A1E0F19DE0054B443 /* Bloom.xcdatamodel */;
			path = Bloom.xcdatamodeld;
			sourceTree = "<group>";
			versionGroupType = wrapper.xcdatamodel;
		};
/* End XCVersionGroup section */
	};
	rootObject = 7A84F9361DFE761D00A37C80 /* Project object */;
}
